
Microsoft Visual Studio Solution File, Format Version 12.00
# Visual Studio 14
VisualStudioVersion = 14.0.25420.1
MinimumVisualStudioVersion = 10.0.40219.1
Project("{FAE04EC0-301F-11D3-BF4B-00C04F79EFBC}") = "App1.Android", "App1\App1.Android\App1.Android.csproj", "{A66B3B77-22F1-493F-94EF-8EBA00FD3142}"
EndProject
Project("{FAE04EC0-301F-11D3-BF4B-00C04F79EFBC}") = "App1", "App1\App1\App1.csproj", "{322D43AD-6E7C-4829-8CFE-62D42787BA52}"
EndProject
Project("{FAE04EC0-301F-11D3-BF4B-00C04F79EFBC}") = "App1.UWP", "App1\App1.UWP\App1.UWP.csproj", "{C4BE6641-FF75-4731-BFA8-7385969530B2}"
EndProject
Project("{FAE04EC0-301F-11D3-BF4B-00C04F79EFBC}") = "App1.iOS", "App1\App1.iOS\App1.iOS.csproj", "{C261F754-CED9-4EB4-9A4F-7B0CEC149532}"
EndProject
Global
	GlobalSection(SolutionConfigurationPlatforms) = preSolution
		Ad-Hoc|Any CPU = Ad-Hoc|Any CPU
		Ad-Hoc|ARM = Ad-Hoc|ARM
		Ad-Hoc|iPhone = Ad-Hoc|iPhone
		Ad-Hoc|iPhoneSimulator = Ad-Hoc|iPhoneSimulator
		Ad-Hoc|x64 = Ad-Hoc|x64
		Ad-Hoc|x86 = Ad-Hoc|x86
		AppStore|Any CPU = AppStore|Any CPU
		AppStore|ARM = AppStore|ARM
		AppStore|iPhone = AppStore|iPhone
		AppStore|iPhoneSimulator = AppStore|iPhoneSimulator
		AppStore|x64 = AppStore|x64
		AppStore|x86 = AppStore|x86
		Debug|Any CPU = Debug|Any CPU
		Debug|ARM = Debug|ARM
		Debug|iPhone = Debug|iPhone
		Debug|iPhoneSimulator = Debug|iPhoneSimulator
		Debug|x64 = Debug|x64
		Debug|x86 = Debug|x86
		Release|Any CPU = Release|Any CPU
		Release|ARM = Release|ARM
		Release|iPhone = Release|iPhone
		Release|iPhoneSimulator = Release|iPhoneSimulator
		Release|x64 = Release|x64
		Release|x86 = Release|x86
	EndGlobalSection
	GlobalSection(ProjectConfigurationPlatforms) = postSolution
		{A66B3B77-22F1-493F-94EF-8EBA00FD3142}.Ad-Hoc|Any CPU.ActiveCfg = Release|Any CPU
		{A66B3B77-22F1-493F-94EF-8EBA00FD3142}.Ad-Hoc|Any CPU.Build.0 = Release|Any CPU
		{A66B3B77-22F1-493F-94EF-8EBA00FD3142}.Ad-Hoc|Any CPU.Deploy.0 = Release|Any CPU
		{A66B3B77-22F1-493F-94EF-8EBA00FD3142}.Ad-Hoc|ARM.ActiveCfg = Release|Any CPU
		{A66B3B77-22F1-493F-94EF-8EBA00FD3142}.Ad-Hoc|ARM.Build.0 = Release|Any CPU
		{A66B3B77-22F1-493F-94EF-8EBA00FD3142}.Ad-Hoc|ARM.Deploy.0 = Release|Any CPU
		{A66B3B77-22F1-493F-94EF-8EBA00FD3142}.Ad-Hoc|iPhone.ActiveCfg = Release|Any CPU
		{A66B3B77-22F1-493F-94EF-8EBA00FD3142}.Ad-Hoc|iPhone.Build.0 = Release|Any CPU
		{A66B3B77-22F1-493F-94EF-8EBA00FD3142}.Ad-Hoc|iPhone.Deploy.0 = Release|Any CPU
		{A66B3B77-22F1-493F-94EF-8EBA00FD3142}.Ad-Hoc|iPhoneSimulator.ActiveCfg = Release|Any CPU
		{A66B3B77-22F1-493F-94EF-8EBA00FD3142}.Ad-Hoc|iPhoneSimulator.Build.0 = Release|Any CPU
		{A66B3B77-22F1-493F-94EF-8EBA00FD3142}.Ad-Hoc|iPhoneSimulator.Deploy.0 = Release|Any CPU
		{A66B3B77-22F1-493F-94EF-8EBA00FD3142}.Ad-Hoc|x64.ActiveCfg = Release|Any CPU
		{A66B3B77-22F1-493F-94EF-8EBA00FD3142}.Ad-Hoc|x64.Build.0 = Release|Any CPU
		{A66B3B77-22F1-493F-94EF-8EBA00FD3142}.Ad-Hoc|x64.Deploy.0 = Release|Any CPU
		{A66B3B77-22F1-493F-94EF-8EBA00FD3142}.Ad-Hoc|x86.ActiveCfg = Release|Any CPU
		{A66B3B77-22F1-493F-94EF-8EBA00FD3142}.Ad-Hoc|x86.Build.0 = Release|Any CPU
		{A66B3B77-22F1-493F-94EF-8EBA00FD3142}.Ad-Hoc|x86.Deploy.0 = Release|Any CPU
		{A66B3B77-22F1-493F-94EF-8EBA00FD3142}.AppStore|Any CPU.ActiveCfg = Release|Any CPU
		{A66B3B77-22F1-493F-94EF-8EBA00FD3142}.AppStore|Any CPU.Build.0 = Release|Any CPU
		{A66B3B77-22F1-493F-94EF-8EBA00FD3142}.AppStore|Any CPU.Deploy.0 = Release|Any CPU
		{A66B3B77-22F1-493F-94EF-8EBA00FD3142}.AppStore|ARM.ActiveCfg = Release|Any CPU
		{A66B3B77-22F1-493F-94EF-8EBA00FD3142}.AppStore|ARM.Build.0 = Release|Any CPU
		{A66B3B77-22F1-493F-94EF-8EBA00FD3142}.AppStore|ARM.Deploy.0 = Release|Any CPU
		{A66B3B77-22F1-493F-94EF-8EBA00FD3142}.AppStore|iPhone.ActiveCfg = Release|Any CPU
		{A66B3B77-22F1-493F-94EF-8EBA00FD3142}.AppStore|iPhone.Build.0 = Release|Any CPU
		{A66B3B77-22F1-493F-94EF-8EBA00FD3142}.AppStore|iPhone.Deploy.0 = Release|Any CPU
		{A66B3B77-22F1-493F-94EF-8EBA00FD3142}.AppStore|iPhoneSimulator.ActiveCfg = Release|Any CPU
		{A66B3B77-22F1-493F-94EF-8EBA00FD3142}.AppStore|iPhoneSimulator.Build.0 = Release|Any CPU
		{A66B3B77-22F1-493F-94EF-8EBA00FD3142}.AppStore|iPhoneSimulator.Deploy.0 = Release|Any CPU
		{A66B3B77-22F1-493F-94EF-8EBA00FD3142}.AppStore|x64.ActiveCfg = Release|Any CPU
		{A66B3B77-22F1-493F-94EF-8EBA00FD3142}.AppStore|x64.Build.0 = Release|Any CPU
		{A66B3B77-22F1-493F-94EF-8EBA00FD3142}.AppStore|x64.Deploy.0 = Release|Any CPU
		{A66B3B77-22F1-493F-94EF-8EBA00FD3142}.AppStore|x86.ActiveCfg = Release|Any CPU
		{A66B3B77-22F1-493F-94EF-8EBA00FD3142}.AppStore|x86.Build.0 = Release|Any CPU
		{A66B3B77-22F1-493F-94EF-8EBA00FD3142}.AppStore|x86.Deploy.0 = Release|Any CPU
		{A66B3B77-22F1-493F-94EF-8EBA00FD3142}.Debug|Any CPU.ActiveCfg = Debug|Any CPU
		{A66B3B77-22F1-493F-94EF-8EBA00FD3142}.Debug|Any CPU.Build.0 = Debug|Any CPU
		{A66B3B77-22F1-493F-94EF-8EBA00FD3142}.Debug|Any CPU.Deploy.0 = Debug|Any CPU
		{A66B3B77-22F1-493F-94EF-8EBA00FD3142}.Debug|ARM.ActiveCfg = Debug|Any CPU
		{A66B3B77-22F1-493F-94EF-8EBA00FD3142}.Debug|ARM.Build.0 = Debug|Any CPU
		{A66B3B77-22F1-493F-94EF-8EBA00FD3142}.Debug|ARM.Deploy.0 = Debug|Any CPU
		{A66B3B77-22F1-493F-94EF-8EBA00FD3142}.Debug|iPhone.ActiveCfg = Debug|Any CPU
		{A66B3B77-22F1-493F-94EF-8EBA00FD3142}.Debug|iPhone.Build.0 = Debug|Any CPU
		{A66B3B77-22F1-493F-94EF-8EBA00FD3142}.Debug|iPhone.Deploy.0 = Debug|Any CPU
		{A66B3B77-22F1-493F-94EF-8EBA00FD3142}.Debug|iPhoneSimulator.ActiveCfg = Debug|Any CPU
		{A66B3B77-22F1-493F-94EF-8EBA00FD3142}.Debug|iPhoneSimulator.Build.0 = Debug|Any CPU
		{A66B3B77-22F1-493F-94EF-8EBA00FD3142}.Debug|iPhoneSimulator.Deploy.0 = Debug|Any CPU
		{A66B3B77-22F1-493F-94EF-8EBA00FD3142}.Debug|x64.ActiveCfg = Debug|Any CPU
		{A66B3B77-22F1-493F-94EF-8EBA00FD3142}.Debug|x64.Build.0 = Debug|Any CPU
		{A66B3B77-22F1-493F-94EF-8EBA00FD3142}.Debug|x64.Deploy.0 = Debug|Any CPU
		{A66B3B77-22F1-493F-94EF-8EBA00FD3142}.Debug|x86.ActiveCfg = Debug|Any CPU
		{A66B3B77-22F1-493F-94EF-8EBA00FD3142}.Debug|x86.Build.0 = Debug|Any CPU
		{A66B3B77-22F1-493F-94EF-8EBA00FD3142}.Debug|x86.Deploy.0 = Debug|Any CPU
		{A66B3B77-22F1-493F-94EF-8EBA00FD3142}.Release|Any CPU.ActiveCfg = Release|Any CPU
		{A66B3B77-22F1-493F-94EF-8EBA00FD3142}.Release|Any CPU.Build.0 = Release|Any CPU
		{A66B3B77-22F1-493F-94EF-8EBA00FD3142}.Release|Any CPU.Deploy.0 = Release|Any CPU
		{A66B3B77-22F1-493F-94EF-8EBA00FD3142}.Release|ARM.ActiveCfg = Release|Any CPU
		{A66B3B77-22F1-493F-94EF-8EBA00FD3142}.Release|ARM.Build.0 = Release|Any CPU
		{A66B3B77-22F1-493F-94EF-8EBA00FD3142}.Release|ARM.Deploy.0 = Release|Any CPU
		{A66B3B77-22F1-493F-94EF-8EBA00FD3142}.Release|iPhone.ActiveCfg = Release|Any CPU
		{A66B3B77-22F1-493F-94EF-8EBA00FD3142}.Release|iPhone.Build.0 = Release|Any CPU
		{A66B3B77-22F1-493F-94EF-8EBA00FD3142}.Release|iPhone.Deploy.0 = Release|Any CPU
		{A66B3B77-22F1-493F-94EF-8EBA00FD3142}.Release|iPhoneSimulator.ActiveCfg = Release|Any CPU
		{A66B3B77-22F1-493F-94EF-8EBA00FD3142}.Release|iPhoneSimulator.Build.0 = Release|Any CPU
		{A66B3B77-22F1-493F-94EF-8EBA00FD3142}.Release|iPhoneSimulator.Deploy.0 = Release|Any CPU
		{A66B3B77-22F1-493F-94EF-8EBA00FD3142}.Release|x64.ActiveCfg = Release|Any CPU
		{A66B3B77-22F1-493F-94EF-8EBA00FD3142}.Release|x64.Build.0 = Release|Any CPU
		{A66B3B77-22F1-493F-94EF-8EBA00FD3142}.Release|x64.Deploy.0 = Release|Any CPU
		{A66B3B77-22F1-493F-94EF-8EBA00FD3142}.Release|x86.ActiveCfg = Release|Any CPU
		{A66B3B77-22F1-493F-94EF-8EBA00FD3142}.Release|x86.Build.0 = Release|Any CPU
		{A66B3B77-22F1-493F-94EF-8EBA00FD3142}.Release|x86.Deploy.0 = Release|Any CPU
		{322D43AD-6E7C-4829-8CFE-62D42787BA52}.Ad-Hoc|Any CPU.ActiveCfg = Release|Any CPU
		{322D43AD-6E7C-4829-8CFE-62D42787BA52}.Ad-Hoc|Any CPU.Build.0 = Release|Any CPU
		{322D43AD-6E7C-4829-8CFE-62D42787BA52}.Ad-Hoc|ARM.ActiveCfg = Release|Any CPU
		{322D43AD-6E7C-4829-8CFE-62D42787BA52}.Ad-Hoc|ARM.Build.0 = Release|Any CPU
		{322D43AD-6E7C-4829-8CFE-62D42787BA52}.Ad-Hoc|iPhone.ActiveCfg = Release|Any CPU
		{322D43AD-6E7C-4829-8CFE-62D42787BA52}.Ad-Hoc|iPhone.Build.0 = Release|Any CPU
		{322D43AD-6E7C-4829-8CFE-62D42787BA52}.Ad-Hoc|iPhoneSimulator.ActiveCfg = Release|Any CPU
		{322D43AD-6E7C-4829-8CFE-62D42787BA52}.Ad-Hoc|iPhoneSimulator.Build.0 = Release|Any CPU
		{322D43AD-6E7C-4829-8CFE-62D42787BA52}.Ad-Hoc|x64.ActiveCfg = Release|Any CPU
		{322D43AD-6E7C-4829-8CFE-62D42787BA52}.Ad-Hoc|x64.Build.0 = Release|Any CPU
		{322D43AD-6E7C-4829-8CFE-62D42787BA52}.Ad-Hoc|x86.ActiveCfg = Release|Any CPU
		{322D43AD-6E7C-4829-8CFE-62D42787BA52}.Ad-Hoc|x86.Build.0 = Release|Any CPU
		{322D43AD-6E7C-4829-8CFE-62D42787BA52}.AppStore|Any CPU.ActiveCfg = Release|Any CPU
		{322D43AD-6E7C-4829-8CFE-62D42787BA52}.AppStore|Any CPU.Build.0 = Release|Any CPU
		{322D43AD-6E7C-4829-8CFE-62D42787BA52}.AppStore|ARM.ActiveCfg = Release|Any CPU
		{322D43AD-6E7C-4829-8CFE-62D42787BA52}.AppStore|ARM.Build.0 = Release|Any CPU
		{322D43AD-6E7C-4829-8CFE-62D42787BA52}.AppStore|iPhone.ActiveCfg = Release|Any CPU
		{322D43AD-6E7C-4829-8CFE-62D42787BA52}.AppStore|iPhone.Build.0 = Release|Any CPU
		{322D43AD-6E7C-4829-8CFE-62D42787BA52}.AppStore|iPhoneSimulator.ActiveCfg = Release|Any CPU
		{322D43AD-6E7C-4829-8CFE-62D42787BA52}.AppStore|iPhoneSimulator.Build.0 = Release|Any CPU
		{322D43AD-6E7C-4829-8CFE-62D42787BA52}.AppStore|x64.ActiveCfg = Release|Any CPU
		{322D43AD-6E7C-4829-8CFE-62D42787BA52}.AppStore|x64.Build.0 = Release|Any CPU
		{322D43AD-6E7C-4829-8CFE-62D42787BA52}.AppStore|x86.ActiveCfg = Release|Any CPU
		{322D43AD-6E7C-4829-8CFE-62D42787BA52}.AppStore|x86.Build.0 = Release|Any CPU
		{322D43AD-6E7C-4829-8CFE-62D42787BA52}.Debug|Any CPU.ActiveCfg = Debug|Any CPU
		{322D43AD-6E7C-4829-8CFE-62D42787BA52}.Debug|Any CPU.Build.0 = Debug|Any CPU
		{322D43AD-6E7C-4829-8CFE-62D42787BA52}.Debug|ARM.ActiveCfg = Debug|Any CPU
		{322D43AD-6E7C-4829-8CFE-62D42787BA52}.Debug|ARM.Build.0 = Debug|Any CPU
		{322D43AD-6E7C-4829-8CFE-62D42787BA52}.Debug|iPhone.ActiveCfg = Debug|Any CPU
		{322D43AD-6E7C-4829-8CFE-62D42787BA52}.Debug|iPhone.Build.0 = Debug|Any CPU
		{322D43AD-6E7C-4829-8CFE-62D42787BA52}.Debug|iPhoneSimulator.ActiveCfg = Debug|Any CPU
		{322D43AD-6E7C-4829-8CFE-62D42787BA52}.Debug|iPhoneSimulator.Build.0 = Debug|Any CPU
		{322D43AD-6E7C-4829-8CFE-62D42787BA52}.Debug|x64.ActiveCfg = Debug|Any CPU
		{322D43AD-6E7C-4829-8CFE-62D42787BA52}.Debug|x64.Build.0 = Debug|Any CPU
		{322D43AD-6E7C-4829-8CFE-62D42787BA52}.Debug|x86.ActiveCfg = Debug|Any CPU
		{322D43AD-6E7C-4829-8CFE-62D42787BA52}.Debug|x86.Build.0 = Debug|Any CPU
		{322D43AD-6E7C-4829-8CFE-62D42787BA52}.Release|Any CPU.ActiveCfg = Release|Any CPU
		{322D43AD-6E7C-4829-8CFE-62D42787BA52}.Release|Any CPU.Build.0 = Release|Any CPU
		{322D43AD-6E7C-4829-8CFE-62D42787BA52}.Release|ARM.ActiveCfg = Release|Any CPU
		{322D43AD-6E7C-4829-8CFE-62D42787BA52}.Release|ARM.Build.0 = Release|Any CPU
		{322D43AD-6E7C-4829-8CFE-62D42787BA52}.Release|iPhone.ActiveCfg = Release|Any CPU
		{322D43AD-6E7C-4829-8CFE-62D42787BA52}.Release|iPhone.Build.0 = Release|Any CPU
		{322D43AD-6E7C-4829-8CFE-62D42787BA52}.Release|iPhoneSimulator.ActiveCfg = Release|Any CPU
		{322D43AD-6E7C-4829-8CFE-62D42787BA52}.Release|iPhoneSimulator.Build.0 = Release|Any CPU
		{322D43AD-6E7C-4829-8CFE-62D42787BA52}.Release|x64.ActiveCfg = Release|Any CPU
		{322D43AD-6E7C-4829-8CFE-62D42787BA52}.Release|x64.Build.0 = Release|Any CPU
		{322D43AD-6E7C-4829-8CFE-62D42787BA52}.Release|x86.ActiveCfg = Release|Any CPU
		{322D43AD-6E7C-4829-8CFE-62D42787BA52}.Release|x86.Build.0 = Release|Any CPU
		{C4BE6641-FF75-4731-BFA8-7385969530B2}.Ad-Hoc|Any CPU.ActiveCfg = Release|x86
		{C4BE6641-FF75-4731-BFA8-7385969530B2}.Ad-Hoc|Any CPU.Build.0 = Release|x86
		{C4BE6641-FF75-4731-BFA8-7385969530B2}.Ad-Hoc|Any CPU.Deploy.0 = Release|x86
		{C4BE6641-FF75-4731-BFA8-7385969530B2}.Ad-Hoc|ARM.ActiveCfg = Release|ARM
		{C4BE6641-FF75-4731-BFA8-7385969530B2}.Ad-Hoc|ARM.Build.0 = Release|ARM
		{C4BE6641-FF75-4731-BFA8-7385969530B2}.Ad-Hoc|ARM.Deploy.0 = Release|ARM
		{C4BE6641-FF75-4731-BFA8-7385969530B2}.Ad-Hoc|iPhone.ActiveCfg = Release|x86
		{C4BE6641-FF75-4731-BFA8-7385969530B2}.Ad-Hoc|iPhone.Build.0 = Release|x86
		{C4BE6641-FF75-4731-BFA8-7385969530B2}.Ad-Hoc|iPhone.Deploy.0 = Release|x86
		{C4BE6641-FF75-4731-BFA8-7385969530B2}.Ad-Hoc|iPhoneSimulator.ActiveCfg = Release|x86
		{C4BE6641-FF75-4731-BFA8-7385969530B2}.Ad-Hoc|iPhoneSimulator.Build.0 = Release|x86
		{C4BE6641-FF75-4731-BFA8-7385969530B2}.Ad-Hoc|iPhoneSimulator.Deploy.0 = Release|x86
		{C4BE6641-FF75-4731-BFA8-7385969530B2}.Ad-Hoc|x64.ActiveCfg = Release|x64
		{C4BE6641-FF75-4731-BFA8-7385969530B2}.Ad-Hoc|x64.Build.0 = Release|x64
		{C4BE6641-FF75-4731-BFA8-7385969530B2}.Ad-Hoc|x64.Deploy.0 = Release|x64
		{C4BE6641-FF75-4731-BFA8-7385969530B2}.Ad-Hoc|x86.ActiveCfg = Release|x86
		{C4BE6641-FF75-4731-BFA8-7385969530B2}.Ad-Hoc|x86.Build.0 = Release|x86
		{C4BE6641-FF75-4731-BFA8-7385969530B2}.Ad-Hoc|x86.Deploy.0 = Release|x86
		{C4BE6641-FF75-4731-BFA8-7385969530B2}.AppStore|Any CPU.ActiveCfg = Release|x86
		{C4BE6641-FF75-4731-BFA8-7385969530B2}.AppStore|Any CPU.Build.0 = Release|x86
		{C4BE6641-FF75-4731-BFA8-7385969530B2}.AppStore|Any CPU.Deploy.0 = Release|x86
		{C4BE6641-FF75-4731-BFA8-7385969530B2}.AppStore|ARM.ActiveCfg = Release|ARM
		{C4BE6641-FF75-4731-BFA8-7385969530B2}.AppStore|ARM.Build.0 = Release|ARM
		{C4BE6641-FF75-4731-BFA8-7385969530B2}.AppStore|ARM.Deploy.0 = Release|ARM
		{C4BE6641-FF75-4731-BFA8-7385969530B2}.AppStore|iPhone.ActiveCfg = Release|x86
		{C4BE6641-FF75-4731-BFA8-7385969530B2}.AppStore|iPhone.Build.0 = Release|x86
		{C4BE6641-FF75-4731-BFA8-7385969530B2}.AppStore|iPhone.Deploy.0 = Release|x86
		{C4BE6641-FF75-4731-BFA8-7385969530B2}.AppStore|iPhoneSimulator.ActiveCfg = Release|x86
		{C4BE6641-FF75-4731-BFA8-7385969530B2}.AppStore|iPhoneSimulator.Build.0 = Release|x86
		{C4BE6641-FF75-4731-BFA8-7385969530B2}.AppStore|iPhoneSimulator.Deploy.0 = Release|x86
		{C4BE6641-FF75-4731-BFA8-7385969530B2}.AppStore|x64.ActiveCfg = Release|x64
		{C4BE6641-FF75-4731-BFA8-7385969530B2}.AppStore|x64.Build.0 = Release|x64
		{C4BE6641-FF75-4731-BFA8-7385969530B2}.AppStore|x64.Deploy.0 = Release|x64
		{C4BE6641-FF75-4731-BFA8-7385969530B2}.AppStore|x86.ActiveCfg = Release|x86
		{C4BE6641-FF75-4731-BFA8-7385969530B2}.AppStore|x86.Build.0 = Release|x86
		{C4BE6641-FF75-4731-BFA8-7385969530B2}.AppStore|x86.Deploy.0 = Release|x86
		{C4BE6641-FF75-4731-BFA8-7385969530B2}.Debug|Any CPU.ActiveCfg = Debug|x86
		{C4BE6641-FF75-4731-BFA8-7385969530B2}.Debug|ARM.ActiveCfg = Debug|ARM
		{C4BE6641-FF75-4731-BFA8-7385969530B2}.Debug|ARM.Build.0 = Debug|ARM
		{C4BE6641-FF75-4731-BFA8-7385969530B2}.Debug|ARM.Deploy.0 = Debug|ARM
		{C4BE6641-FF75-4731-BFA8-7385969530B2}.Debug|iPhone.ActiveCfg = Debug|x86
		{C4BE6641-FF75-4731-BFA8-7385969530B2}.Debug|iPhoneSimulator.ActiveCfg = Debug|x86
		{C4BE6641-FF75-4731-BFA8-7385969530B2}.Debug|x64.ActiveCfg = Debug|x64
		{C4BE6641-FF75-4731-BFA8-7385969530B2}.Debug|x64.Build.0 = Debug|x64
		{C4BE6641-FF75-4731-BFA8-7385969530B2}.Debug|x64.Deploy.0 = Debug|x64
		{C4BE6641-FF75-4731-BFA8-7385969530B2}.Debug|x86.ActiveCfg = Debug|x86
		{C4BE6641-FF75-4731-BFA8-7385969530B2}.Debug|x86.Build.0 = Debug|x86
		{C4BE6641-FF75-4731-BFA8-7385969530B2}.Debug|x86.Deploy.0 = Debug|x86
		{C4BE6641-FF75-4731-BFA8-7385969530B2}.Release|Any CPU.ActiveCfg = Release|x86
		{C4BE6641-FF75-4731-BFA8-7385969530B2}.Release|ARM.ActiveCfg = Release|ARM
		{C4BE6641-FF75-4731-BFA8-7385969530B2}.Release|ARM.Build.0 = Release|ARM
		{C4BE6641-FF75-4731-BFA8-7385969530B2}.Release|ARM.Deploy.0 = Release|ARM
		{C4BE6641-FF75-4731-BFA8-7385969530B2}.Release|iPhone.ActiveCfg = Release|x86
		{C4BE6641-FF75-4731-BFA8-7385969530B2}.Release|iPhoneSimulator.ActiveCfg = Release|x86
		{C4BE6641-FF75-4731-BFA8-7385969530B2}.Release|x64.ActiveCfg = Release|x64
		{C4BE6641-FF75-4731-BFA8-7385969530B2}.Release|x64.Build.0 = Release|x64
		{C4BE6641-FF75-4731-BFA8-7385969530B2}.Release|x64.Deploy.0 = Release|x64
		{C4BE6641-FF75-4731-BFA8-7385969530B2}.Release|x86.ActiveCfg = Release|x86
		{C4BE6641-FF75-4731-BFA8-7385969530B2}.Release|x86.Build.0 = Release|x86
		{C4BE6641-FF75-4731-BFA8-7385969530B2}.Release|x86.Deploy.0 = Release|x86
		{C261F754-CED9-4EB4-9A4F-7B0CEC149532}.Ad-Hoc|Any CPU.ActiveCfg = Ad-Hoc|iPhone
		{C261F754-CED9-4EB4-9A4F-7B0CEC149532}.Ad-Hoc|ARM.ActiveCfg = Ad-Hoc|iPhone
		{C261F754-CED9-4EB4-9A4F-7B0CEC149532}.Ad-Hoc|iPhone.ActiveCfg = Ad-Hoc|iPhone
		{C261F754-CED9-4EB4-9A4F-7B0CEC149532}.Ad-Hoc|iPhone.Build.0 = Ad-Hoc|iPhone
		{C261F754-CED9-4EB4-9A4F-7B0CEC149532}.Ad-Hoc|iPhoneSimulator.ActiveCfg = Ad-Hoc|iPhoneSimulator
		{C261F754-CED9-4EB4-9A4F-7B0CEC149532}.Ad-Hoc|iPhoneSimulator.Build.0 = Ad-Hoc|iPhoneSimulator
		{C261F754-CED9-4EB4-9A4F-7B0CEC149532}.Ad-Hoc|x64.ActiveCfg = Ad-Hoc|iPhone
		{C261F754-CED9-4EB4-9A4F-7B0CEC149532}.Ad-Hoc|x86.ActiveCfg = Ad-Hoc|iPhone
		{C261F754-CED9-4EB4-9A4F-7B0CEC149532}.AppStore|Any CPU.ActiveCfg = AppStore|iPhone
		{C261F754-CED9-4EB4-9A4F-7B0CEC149532}.AppStore|ARM.ActiveCfg = AppStore|iPhone
		{C261F754-CED9-4EB4-9A4F-7B0CEC149532}.AppStore|iPhone.ActiveCfg = AppStore|iPhone
		{C261F754-CED9-4EB4-9A4F-7B0CEC149532}.AppStore|iPhone.Build.0 = AppStore|iPhone
		{C261F754-CED9-4EB4-9A4F-7B0CEC149532}.AppStore|iPhoneSimulator.ActiveCfg = AppStore|iPhoneSimulator
		{C261F754-CED9-4EB4-9A4F-7B0CEC149532}.AppStore|iPhoneSimulator.Build.0 = AppStore|iPhoneSimulator
		{C261F754-CED9-4EB4-9A4F-7B0CEC149532}.AppStore|x64.ActiveCfg = AppStore|iPhone
		{C261F754-CED9-4EB4-9A4F-7B0CEC149532}.AppStore|x86.ActiveCfg = AppStore|iPhone
		{C261F754-CED9-4EB4-9A4F-7B0CEC149532}.Debug|Any CPU.ActiveCfg = Debug|iPhone
		{C261F754-CED9-4EB4-9A4F-7B0CEC149532}.Debug|ARM.ActiveCfg = Debug|iPhone
		{C261F754-CED9-4EB4-9A4F-7B0CEC149532}.Debug|iPhone.ActiveCfg = Debug|iPhone
		{C261F754-CED9-4EB4-9A4F-7B0CEC149532}.Debug|iPhone.Build.0 = Debug|iPhone
		{C261F754-CED9-4EB4-9A4F-7B0CEC149532}.Debug|iPhoneSimulator.ActiveCfg = Debug|iPhoneSimulator
		{C261F754-CED9-4EB4-9A4F-7B0CEC149532}.Debug|iPhoneSimulator.Build.0 = Debug|iPhoneSimulator
		{C261F754-CED9-4EB4-9A4F-7B0CEC149532}.Debug|x64.ActiveCfg = Debug|iPhone
		{C261F754-CED9-4EB4-9A4F-7B0CEC149532}.Debug|x86.ActiveCfg = Debug|iPhone
		{C261F754-CED9-4EB4-9A4F-7B0CEC149532}.Release|Any CPU.ActiveCfg = Release|iPhone
		{C261F754-CED9-4EB4-9A4F-7B0CEC149532}.Release|ARM.ActiveCfg = Release|iPhone
		{C261F754-CED9-4EB4-9A4F-7B0CEC149532}.Release|iPhone.ActiveCfg = Release|iPhone
		{C261F754-CED9-4EB4-9A4F-7B0CEC149532}.Release|iPhone.Build.0 = Release|iPhone
		{C261F754-CED9-4EB4-9A4F-7B0CEC149532}.Release|iPhoneSimulator.ActiveCfg = Release|iPhoneSimulator
		{C261F754-CED9-4EB4-9A4F-7B0CEC149532}.Release|iPhoneSimulator.Build.0 = Release|iPhoneSimulator
		{C261F754-CED9-4EB4-9A4F-7B0CEC149532}.Release|x64.ActiveCfg = Release|iPhone
		{C261F754-CED9-4EB4-9A4F-7B0CEC149532}.Release|x86.ActiveCfg = Release|iPhone
	EndGlobalSection
	GlobalSection(SolutionProperties) = preSolution
		HideSolutionNode = FALSE
	EndGlobalSection
EndGlobal
