
Microsoft Visual Studio Solution File, Format Version 12.00
# Visual Studio 14
VisualStudioVersion = 14.0.25420.1
MinimumVisualStudioVersion = 10.0.40219.1
Project("{FAE04EC0-301F-11D3-BF4B-00C04F79EFBC}") = "App1.Android", "App1\App1.Android\App1.Android.csproj", "{7EABA87F-844D-4235-A244-456A4F4496D0}"
EndProject
Project("{FAE04EC0-301F-11D3-BF4B-00C04F79EFBC}") = "App1", "App1\App1\App1.csproj", "{DF0DE1B3-102C-4A33-BBA8-2B4374E72C41}"
EndProject
Project("{FAE04EC0-301F-11D3-BF4B-00C04F79EFBC}") = "App1.UWP", "App1\App1.UWP\App1.UWP.csproj", "{86AA7AEC-887A-453A-BCE2-7D113C20F984}"
EndProject
Project("{FAE04EC0-301F-11D3-BF4B-00C04F79EFBC}") = "App1.iOS", "App1\App1.iOS\App1.iOS.csproj", "{11D8ABE6-7E51-4020-8157-0716F0DFADAD}"
EndProject
Global
	GlobalSection(SolutionConfigurationPlatforms) = preSolution
		Ad-Hoc|Any CPU = Ad-Hoc|Any CPU
		Ad-Hoc|ARM = Ad-Hoc|ARM
		Ad-Hoc|iPhone = Ad-Hoc|iPhone
		Ad-Hoc|iPhoneSimulator = Ad-Hoc|iPhoneSimulator
		Ad-Hoc|x64 = Ad-Hoc|x64
		Ad-Hoc|x86 = Ad-Hoc|x86
		AppStore|Any CPU = AppStore|Any CPU
		AppStore|ARM = AppStore|ARM
		AppStore|iPhone = AppStore|iPhone
		AppStore|iPhoneSimulator = AppStore|iPhoneSimulator
		AppStore|x64 = AppStore|x64
		AppStore|x86 = AppStore|x86
		Debug|Any CPU = Debug|Any CPU
		Debug|ARM = Debug|ARM
		Debug|iPhone = Debug|iPhone
		Debug|iPhoneSimulator = Debug|iPhoneSimulator
		Debug|x64 = Debug|x64
		Debug|x86 = Debug|x86
		Release|Any CPU = Release|Any CPU
		Release|ARM = Release|ARM
		Release|iPhone = Release|iPhone
		Release|iPhoneSimulator = Release|iPhoneSimulator
		Release|x64 = Release|x64
		Release|x86 = Release|x86
	EndGlobalSection
	GlobalSection(ProjectConfigurationPlatforms) = postSolution
		{7EABA87F-844D-4235-A244-456A4F4496D0}.Ad-Hoc|Any CPU.ActiveCfg = Release|Any CPU
		{7EABA87F-844D-4235-A244-456A4F4496D0}.Ad-Hoc|Any CPU.Build.0 = Release|Any CPU
		{7EABA87F-844D-4235-A244-456A4F4496D0}.Ad-Hoc|Any CPU.Deploy.0 = Release|Any CPU
		{7EABA87F-844D-4235-A244-456A4F4496D0}.Ad-Hoc|ARM.ActiveCfg = Release|Any CPU
		{7EABA87F-844D-4235-A244-456A4F4496D0}.Ad-Hoc|ARM.Build.0 = Release|Any CPU
		{7EABA87F-844D-4235-A244-456A4F4496D0}.Ad-Hoc|ARM.Deploy.0 = Release|Any CPU
		{7EABA87F-844D-4235-A244-456A4F4496D0}.Ad-Hoc|iPhone.ActiveCfg = Release|Any CPU
		{7EABA87F-844D-4235-A244-456A4F4496D0}.Ad-Hoc|iPhone.Build.0 = Release|Any CPU
		{7EABA87F-844D-4235-A244-456A4F4496D0}.Ad-Hoc|iPhone.Deploy.0 = Release|Any CPU
		{7EABA87F-844D-4235-A244-456A4F4496D0}.Ad-Hoc|iPhoneSimulator.ActiveCfg = Release|Any CPU
		{7EABA87F-844D-4235-A244-456A4F4496D0}.Ad-Hoc|iPhoneSimulator.Build.0 = Release|Any CPU
		{7EABA87F-844D-4235-A244-456A4F4496D0}.Ad-Hoc|iPhoneSimulator.Deploy.0 = Release|Any CPU
		{7EABA87F-844D-4235-A244-456A4F4496D0}.Ad-Hoc|x64.ActiveCfg = Release|Any CPU
		{7EABA87F-844D-4235-A244-456A4F4496D0}.Ad-Hoc|x64.Build.0 = Release|Any CPU
		{7EABA87F-844D-4235-A244-456A4F4496D0}.Ad-Hoc|x64.Deploy.0 = Release|Any CPU
		{7EABA87F-844D-4235-A244-456A4F4496D0}.Ad-Hoc|x86.ActiveCfg = Release|Any CPU
		{7EABA87F-844D-4235-A244-456A4F4496D0}.Ad-Hoc|x86.Build.0 = Release|Any CPU
		{7EABA87F-844D-4235-A244-456A4F4496D0}.Ad-Hoc|x86.Deploy.0 = Release|Any CPU
		{7EABA87F-844D-4235-A244-456A4F4496D0}.AppStore|Any CPU.ActiveCfg = Release|Any CPU
		{7EABA87F-844D-4235-A244-456A4F4496D0}.AppStore|Any CPU.Build.0 = Release|Any CPU
		{7EABA87F-844D-4235-A244-456A4F4496D0}.AppStore|Any CPU.Deploy.0 = Release|Any CPU
		{7EABA87F-844D-4235-A244-456A4F4496D0}.AppStore|ARM.ActiveCfg = Release|Any CPU
		{7EABA87F-844D-4235-A244-456A4F4496D0}.AppStore|ARM.Build.0 = Release|Any CPU
		{7EABA87F-844D-4235-A244-456A4F4496D0}.AppStore|ARM.Deploy.0 = Release|Any CPU
		{7EABA87F-844D-4235-A244-456A4F4496D0}.AppStore|iPhone.ActiveCfg = Release|Any CPU
		{7EABA87F-844D-4235-A244-456A4F4496D0}.AppStore|iPhone.Build.0 = Release|Any CPU
		{7EABA87F-844D-4235-A244-456A4F4496D0}.AppStore|iPhone.Deploy.0 = Release|Any CPU
		{7EABA87F-844D-4235-A244-456A4F4496D0}.AppStore|iPhoneSimulator.ActiveCfg = Release|Any CPU
		{7EABA87F-844D-4235-A244-456A4F4496D0}.AppStore|iPhoneSimulator.Build.0 = Release|Any CPU
		{7EABA87F-844D-4235-A244-456A4F4496D0}.AppStore|iPhoneSimulator.Deploy.0 = Release|Any CPU
		{7EABA87F-844D-4235-A244-456A4F4496D0}.AppStore|x64.ActiveCfg = Release|Any CPU
		{7EABA87F-844D-4235-A244-456A4F4496D0}.AppStore|x64.Build.0 = Release|Any CPU
		{7EABA87F-844D-4235-A244-456A4F4496D0}.AppStore|x64.Deploy.0 = Release|Any CPU
		{7EABA87F-844D-4235-A244-456A4F4496D0}.AppStore|x86.ActiveCfg = Release|Any CPU
		{7EABA87F-844D-4235-A244-456A4F4496D0}.AppStore|x86.Build.0 = Release|Any CPU
		{7EABA87F-844D-4235-A244-456A4F4496D0}.AppStore|x86.Deploy.0 = Release|Any CPU
		{7EABA87F-844D-4235-A244-456A4F4496D0}.Debug|Any CPU.ActiveCfg = Debug|Any CPU
		{7EABA87F-844D-4235-A244-456A4F4496D0}.Debug|Any CPU.Build.0 = Debug|Any CPU
		{7EABA87F-844D-4235-A244-456A4F4496D0}.Debug|Any CPU.Deploy.0 = Debug|Any CPU
		{7EABA87F-844D-4235-A244-456A4F4496D0}.Debug|ARM.ActiveCfg = Debug|Any CPU
		{7EABA87F-844D-4235-A244-456A4F4496D0}.Debug|ARM.Build.0 = Debug|Any CPU
		{7EABA87F-844D-4235-A244-456A4F4496D0}.Debug|ARM.Deploy.0 = Debug|Any CPU
		{7EABA87F-844D-4235-A244-456A4F4496D0}.Debug|iPhone.ActiveCfg = Debug|Any CPU
		{7EABA87F-844D-4235-A244-456A4F4496D0}.Debug|iPhone.Build.0 = Debug|Any CPU
		{7EABA87F-844D-4235-A244-456A4F4496D0}.Debug|iPhone.Deploy.0 = Debug|Any CPU
		{7EABA87F-844D-4235-A244-456A4F4496D0}.Debug|iPhoneSimulator.ActiveCfg = Debug|Any CPU
		{7EABA87F-844D-4235-A244-456A4F4496D0}.Debug|iPhoneSimulator.Build.0 = Debug|Any CPU
		{7EABA87F-844D-4235-A244-456A4F4496D0}.Debug|iPhoneSimulator.Deploy.0 = Debug|Any CPU
		{7EABA87F-844D-4235-A244-456A4F4496D0}.Debug|x64.ActiveCfg = Debug|Any CPU
		{7EABA87F-844D-4235-A244-456A4F4496D0}.Debug|x64.Build.0 = Debug|Any CPU
		{7EABA87F-844D-4235-A244-456A4F4496D0}.Debug|x64.Deploy.0 = Debug|Any CPU
		{7EABA87F-844D-4235-A244-456A4F4496D0}.Debug|x86.ActiveCfg = Debug|Any CPU
		{7EABA87F-844D-4235-A244-456A4F4496D0}.Debug|x86.Build.0 = Debug|Any CPU
		{7EABA87F-844D-4235-A244-456A4F4496D0}.Debug|x86.Deploy.0 = Debug|Any CPU
		{7EABA87F-844D-4235-A244-456A4F4496D0}.Release|Any CPU.ActiveCfg = Release|Any CPU
		{7EABA87F-844D-4235-A244-456A4F4496D0}.Release|Any CPU.Build.0 = Release|Any CPU
		{7EABA87F-844D-4235-A244-456A4F4496D0}.Release|Any CPU.Deploy.0 = Release|Any CPU
		{7EABA87F-844D-4235-A244-456A4F4496D0}.Release|ARM.ActiveCfg = Release|Any CPU
		{7EABA87F-844D-4235-A244-456A4F4496D0}.Release|ARM.Build.0 = Release|Any CPU
		{7EABA87F-844D-4235-A244-456A4F4496D0}.Release|ARM.Deploy.0 = Release|Any CPU
		{7EABA87F-844D-4235-A244-456A4F4496D0}.Release|iPhone.ActiveCfg = Release|Any CPU
		{7EABA87F-844D-4235-A244-456A4F4496D0}.Release|iPhone.Build.0 = Release|Any CPU
		{7EABA87F-844D-4235-A244-456A4F4496D0}.Release|iPhone.Deploy.0 = Release|Any CPU
		{7EABA87F-844D-4235-A244-456A4F4496D0}.Release|iPhoneSimulator.ActiveCfg = Release|Any CPU
		{7EABA87F-844D-4235-A244-456A4F4496D0}.Release|iPhoneSimulator.Build.0 = Release|Any CPU
		{7EABA87F-844D-4235-A244-456A4F4496D0}.Release|iPhoneSimulator.Deploy.0 = Release|Any CPU
		{7EABA87F-844D-4235-A244-456A4F4496D0}.Release|x64.ActiveCfg = Release|Any CPU
		{7EABA87F-844D-4235-A244-456A4F4496D0}.Release|x64.Build.0 = Release|Any CPU
		{7EABA87F-844D-4235-A244-456A4F4496D0}.Release|x64.Deploy.0 = Release|Any CPU
		{7EABA87F-844D-4235-A244-456A4F4496D0}.Release|x86.ActiveCfg = Release|Any CPU
		{7EABA87F-844D-4235-A244-456A4F4496D0}.Release|x86.Build.0 = Release|Any CPU
		{7EABA87F-844D-4235-A244-456A4F4496D0}.Release|x86.Deploy.0 = Release|Any CPU
		{DF0DE1B3-102C-4A33-BBA8-2B4374E72C41}.Ad-Hoc|Any CPU.ActiveCfg = Release|Any CPU
		{DF0DE1B3-102C-4A33-BBA8-2B4374E72C41}.Ad-Hoc|Any CPU.Build.0 = Release|Any CPU
		{DF0DE1B3-102C-4A33-BBA8-2B4374E72C41}.Ad-Hoc|ARM.ActiveCfg = Release|Any CPU
		{DF0DE1B3-102C-4A33-BBA8-2B4374E72C41}.Ad-Hoc|ARM.Build.0 = Release|Any CPU
		{DF0DE1B3-102C-4A33-BBA8-2B4374E72C41}.Ad-Hoc|iPhone.ActiveCfg = Release|Any CPU
		{DF0DE1B3-102C-4A33-BBA8-2B4374E72C41}.Ad-Hoc|iPhone.Build.0 = Release|Any CPU
		{DF0DE1B3-102C-4A33-BBA8-2B4374E72C41}.Ad-Hoc|iPhoneSimulator.ActiveCfg = Release|Any CPU
		{DF0DE1B3-102C-4A33-BBA8-2B4374E72C41}.Ad-Hoc|iPhoneSimulator.Build.0 = Release|Any CPU
		{DF0DE1B3-102C-4A33-BBA8-2B4374E72C41}.Ad-Hoc|x64.ActiveCfg = Release|Any CPU
		{DF0DE1B3-102C-4A33-BBA8-2B4374E72C41}.Ad-Hoc|x64.Build.0 = Release|Any CPU
		{DF0DE1B3-102C-4A33-BBA8-2B4374E72C41}.Ad-Hoc|x86.ActiveCfg = Release|Any CPU
		{DF0DE1B3-102C-4A33-BBA8-2B4374E72C41}.Ad-Hoc|x86.Build.0 = Release|Any CPU
		{DF0DE1B3-102C-4A33-BBA8-2B4374E72C41}.AppStore|Any CPU.ActiveCfg = Release|Any CPU
		{DF0DE1B3-102C-4A33-BBA8-2B4374E72C41}.AppStore|Any CPU.Build.0 = Release|Any CPU
		{DF0DE1B3-102C-4A33-BBA8-2B4374E72C41}.AppStore|ARM.ActiveCfg = Release|Any CPU
		{DF0DE1B3-102C-4A33-BBA8-2B4374E72C41}.AppStore|ARM.Build.0 = Release|Any CPU
		{DF0DE1B3-102C-4A33-BBA8-2B4374E72C41}.AppStore|iPhone.ActiveCfg = Release|Any CPU
		{DF0DE1B3-102C-4A33-BBA8-2B4374E72C41}.AppStore|iPhone.Build.0 = Release|Any CPU
		{DF0DE1B3-102C-4A33-BBA8-2B4374E72C41}.AppStore|iPhoneSimulator.ActiveCfg = Release|Any CPU
		{DF0DE1B3-102C-4A33-BBA8-2B4374E72C41}.AppStore|iPhoneSimulator.Build.0 = Release|Any CPU
		{DF0DE1B3-102C-4A33-BBA8-2B4374E72C41}.AppStore|x64.ActiveCfg = Release|Any CPU
		{DF0DE1B3-102C-4A33-BBA8-2B4374E72C41}.AppStore|x64.Build.0 = Release|Any CPU
		{DF0DE1B3-102C-4A33-BBA8-2B4374E72C41}.AppStore|x86.ActiveCfg = Release|Any CPU
		{DF0DE1B3-102C-4A33-BBA8-2B4374E72C41}.AppStore|x86.Build.0 = Release|Any CPU
		{DF0DE1B3-102C-4A33-BBA8-2B4374E72C41}.Debug|Any CPU.ActiveCfg = Debug|Any CPU
		{DF0DE1B3-102C-4A33-BBA8-2B4374E72C41}.Debug|Any CPU.Build.0 = Debug|Any CPU
		{DF0DE1B3-102C-4A33-BBA8-2B4374E72C41}.Debug|ARM.ActiveCfg = Debug|Any CPU
		{DF0DE1B3-102C-4A33-BBA8-2B4374E72C41}.Debug|ARM.Build.0 = Debug|Any CPU
		{DF0DE1B3-102C-4A33-BBA8-2B4374E72C41}.Debug|iPhone.ActiveCfg = Debug|Any CPU
		{DF0DE1B3-102C-4A33-BBA8-2B4374E72C41}.Debug|iPhone.Build.0 = Debug|Any CPU
		{DF0DE1B3-102C-4A33-BBA8-2B4374E72C41}.Debug|iPhoneSimulator.ActiveCfg = Debug|Any CPU
		{DF0DE1B3-102C-4A33-BBA8-2B4374E72C41}.Debug|iPhoneSimulator.Build.0 = Debug|Any CPU
		{DF0DE1B3-102C-4A33-BBA8-2B4374E72C41}.Debug|x64.ActiveCfg = Debug|Any CPU
		{DF0DE1B3-102C-4A33-BBA8-2B4374E72C41}.Debug|x64.Build.0 = Debug|Any CPU
		{DF0DE1B3-102C-4A33-BBA8-2B4374E72C41}.Debug|x86.ActiveCfg = Debug|Any CPU
		{DF0DE1B3-102C-4A33-BBA8-2B4374E72C41}.Debug|x86.Build.0 = Debug|Any CPU
		{DF0DE1B3-102C-4A33-BBA8-2B4374E72C41}.Release|Any CPU.ActiveCfg = Release|Any CPU
		{DF0DE1B3-102C-4A33-BBA8-2B4374E72C41}.Release|Any CPU.Build.0 = Release|Any CPU
		{DF0DE1B3-102C-4A33-BBA8-2B4374E72C41}.Release|ARM.ActiveCfg = Release|Any CPU
		{DF0DE1B3-102C-4A33-BBA8-2B4374E72C41}.Release|ARM.Build.0 = Release|Any CPU
		{DF0DE1B3-102C-4A33-BBA8-2B4374E72C41}.Release|iPhone.ActiveCfg = Release|Any CPU
		{DF0DE1B3-102C-4A33-BBA8-2B4374E72C41}.Release|iPhone.Build.0 = Release|Any CPU
		{DF0DE1B3-102C-4A33-BBA8-2B4374E72C41}.Release|iPhoneSimulator.ActiveCfg = Release|Any CPU
		{DF0DE1B3-102C-4A33-BBA8-2B4374E72C41}.Release|iPhoneSimulator.Build.0 = Release|Any CPU
		{DF0DE1B3-102C-4A33-BBA8-2B4374E72C41}.Release|x64.ActiveCfg = Release|Any CPU
		{DF0DE1B3-102C-4A33-BBA8-2B4374E72C41}.Release|x64.Build.0 = Release|Any CPU
		{DF0DE1B3-102C-4A33-BBA8-2B4374E72C41}.Release|x86.ActiveCfg = Release|Any CPU
		{DF0DE1B3-102C-4A33-BBA8-2B4374E72C41}.Release|x86.Build.0 = Release|Any CPU
		{86AA7AEC-887A-453A-BCE2-7D113C20F984}.Ad-Hoc|Any CPU.ActiveCfg = Release|x86
		{86AA7AEC-887A-453A-BCE2-7D113C20F984}.Ad-Hoc|Any CPU.Build.0 = Release|x86
		{86AA7AEC-887A-453A-BCE2-7D113C20F984}.Ad-Hoc|Any CPU.Deploy.0 = Release|x86
		{86AA7AEC-887A-453A-BCE2-7D113C20F984}.Ad-Hoc|ARM.ActiveCfg = Release|ARM
		{86AA7AEC-887A-453A-BCE2-7D113C20F984}.Ad-Hoc|ARM.Build.0 = Release|ARM
		{86AA7AEC-887A-453A-BCE2-7D113C20F984}.Ad-Hoc|ARM.Deploy.0 = Release|ARM
		{86AA7AEC-887A-453A-BCE2-7D113C20F984}.Ad-Hoc|iPhone.ActiveCfg = Release|x86
		{86AA7AEC-887A-453A-BCE2-7D113C20F984}.Ad-Hoc|iPhone.Build.0 = Release|x86
		{86AA7AEC-887A-453A-BCE2-7D113C20F984}.Ad-Hoc|iPhone.Deploy.0 = Release|x86
		{86AA7AEC-887A-453A-BCE2-7D113C20F984}.Ad-Hoc|iPhoneSimulator.ActiveCfg = Release|x86
		{86AA7AEC-887A-453A-BCE2-7D113C20F984}.Ad-Hoc|iPhoneSimulator.Build.0 = Release|x86
		{86AA7AEC-887A-453A-BCE2-7D113C20F984}.Ad-Hoc|iPhoneSimulator.Deploy.0 = Release|x86
		{86AA7AEC-887A-453A-BCE2-7D113C20F984}.Ad-Hoc|x64.ActiveCfg = Release|x64
		{86AA7AEC-887A-453A-BCE2-7D113C20F984}.Ad-Hoc|x64.Build.0 = Release|x64
		{86AA7AEC-887A-453A-BCE2-7D113C20F984}.Ad-Hoc|x64.Deploy.0 = Release|x64
		{86AA7AEC-887A-453A-BCE2-7D113C20F984}.Ad-Hoc|x86.ActiveCfg = Release|x86
		{86AA7AEC-887A-453A-BCE2-7D113C20F984}.Ad-Hoc|x86.Build.0 = Release|x86
		{86AA7AEC-887A-453A-BCE2-7D113C20F984}.Ad-Hoc|x86.Deploy.0 = Release|x86
		{86AA7AEC-887A-453A-BCE2-7D113C20F984}.AppStore|Any CPU.ActiveCfg = Release|x86
		{86AA7AEC-887A-453A-BCE2-7D113C20F984}.AppStore|Any CPU.Build.0 = Release|x86
		{86AA7AEC-887A-453A-BCE2-7D113C20F984}.AppStore|Any CPU.Deploy.0 = Release|x86
		{86AA7AEC-887A-453A-BCE2-7D113C20F984}.AppStore|ARM.ActiveCfg = Release|ARM
		{86AA7AEC-887A-453A-BCE2-7D113C20F984}.AppStore|ARM.Build.0 = Release|ARM
		{86AA7AEC-887A-453A-BCE2-7D113C20F984}.AppStore|ARM.Deploy.0 = Release|ARM
		{86AA7AEC-887A-453A-BCE2-7D113C20F984}.AppStore|iPhone.ActiveCfg = Release|x86
		{86AA7AEC-887A-453A-BCE2-7D113C20F984}.AppStore|iPhone.Build.0 = Release|x86
		{86AA7AEC-887A-453A-BCE2-7D113C20F984}.AppStore|iPhone.Deploy.0 = Release|x86
		{86AA7AEC-887A-453A-BCE2-7D113C20F984}.AppStore|iPhoneSimulator.ActiveCfg = Release|x86
		{86AA7AEC-887A-453A-BCE2-7D113C20F984}.AppStore|iPhoneSimulator.Build.0 = Release|x86
		{86AA7AEC-887A-453A-BCE2-7D113C20F984}.AppStore|iPhoneSimulator.Deploy.0 = Release|x86
		{86AA7AEC-887A-453A-BCE2-7D113C20F984}.AppStore|x64.ActiveCfg = Release|x64
		{86AA7AEC-887A-453A-BCE2-7D113C20F984}.AppStore|x64.Build.0 = Release|x64
		{86AA7AEC-887A-453A-BCE2-7D113C20F984}.AppStore|x64.Deploy.0 = Release|x64
		{86AA7AEC-887A-453A-BCE2-7D113C20F984}.AppStore|x86.ActiveCfg = Release|x86
		{86AA7AEC-887A-453A-BCE2-7D113C20F984}.AppStore|x86.Build.0 = Release|x86
		{86AA7AEC-887A-453A-BCE2-7D113C20F984}.AppStore|x86.Deploy.0 = Release|x86
		{86AA7AEC-887A-453A-BCE2-7D113C20F984}.Debug|Any CPU.ActiveCfg = Debug|x86
		{86AA7AEC-887A-453A-BCE2-7D113C20F984}.Debug|ARM.ActiveCfg = Debug|ARM
		{86AA7AEC-887A-453A-BCE2-7D113C20F984}.Debug|ARM.Build.0 = Debug|ARM
		{86AA7AEC-887A-453A-BCE2-7D113C20F984}.Debug|ARM.Deploy.0 = Debug|ARM
		{86AA7AEC-887A-453A-BCE2-7D113C20F984}.Debug|iPhone.ActiveCfg = Debug|x86
		{86AA7AEC-887A-453A-BCE2-7D113C20F984}.Debug|iPhoneSimulator.ActiveCfg = Debug|x86
		{86AA7AEC-887A-453A-BCE2-7D113C20F984}.Debug|x64.ActiveCfg = Debug|x64
		{86AA7AEC-887A-453A-BCE2-7D113C20F984}.Debug|x64.Build.0 = Debug|x64
		{86AA7AEC-887A-453A-BCE2-7D113C20F984}.Debug|x64.Deploy.0 = Debug|x64
		{86AA7AEC-887A-453A-BCE2-7D113C20F984}.Debug|x86.ActiveCfg = Debug|x86
		{86AA7AEC-887A-453A-BCE2-7D113C20F984}.Debug|x86.Build.0 = Debug|x86
		{86AA7AEC-887A-453A-BCE2-7D113C20F984}.Debug|x86.Deploy.0 = Debug|x86
		{86AA7AEC-887A-453A-BCE2-7D113C20F984}.Release|Any CPU.ActiveCfg = Release|x86
		{86AA7AEC-887A-453A-BCE2-7D113C20F984}.Release|ARM.ActiveCfg = Release|ARM
		{86AA7AEC-887A-453A-BCE2-7D113C20F984}.Release|ARM.Build.0 = Release|ARM
		{86AA7AEC-887A-453A-BCE2-7D113C20F984}.Release|ARM.Deploy.0 = Release|ARM
		{86AA7AEC-887A-453A-BCE2-7D113C20F984}.Release|iPhone.ActiveCfg = Release|x86
		{86AA7AEC-887A-453A-BCE2-7D113C20F984}.Release|iPhoneSimulator.ActiveCfg = Release|x86
		{86AA7AEC-887A-453A-BCE2-7D113C20F984}.Release|x64.ActiveCfg = Release|x64
		{86AA7AEC-887A-453A-BCE2-7D113C20F984}.Release|x64.Build.0 = Release|x64
		{86AA7AEC-887A-453A-BCE2-7D113C20F984}.Release|x64.Deploy.0 = Release|x64
		{86AA7AEC-887A-453A-BCE2-7D113C20F984}.Release|x86.ActiveCfg = Release|x86
		{86AA7AEC-887A-453A-BCE2-7D113C20F984}.Release|x86.Build.0 = Release|x86
		{86AA7AEC-887A-453A-BCE2-7D113C20F984}.Release|x86.Deploy.0 = Release|x86
		{11D8ABE6-7E51-4020-8157-0716F0DFADAD}.Ad-Hoc|Any CPU.ActiveCfg = Ad-Hoc|iPhone
		{11D8ABE6-7E51-4020-8157-0716F0DFADAD}.Ad-Hoc|ARM.ActiveCfg = Ad-Hoc|iPhone
		{11D8ABE6-7E51-4020-8157-0716F0DFADAD}.Ad-Hoc|iPhone.ActiveCfg = Ad-Hoc|iPhone
		{11D8ABE6-7E51-4020-8157-0716F0DFADAD}.Ad-Hoc|iPhone.Build.0 = Ad-Hoc|iPhone
		{11D8ABE6-7E51-4020-8157-0716F0DFADAD}.Ad-Hoc|iPhoneSimulator.ActiveCfg = Ad-Hoc|iPhoneSimulator
		{11D8ABE6-7E51-4020-8157-0716F0DFADAD}.Ad-Hoc|iPhoneSimulator.Build.0 = Ad-Hoc|iPhoneSimulator
		{11D8ABE6-7E51-4020-8157-0716F0DFADAD}.Ad-Hoc|x64.ActiveCfg = Ad-Hoc|iPhone
		{11D8ABE6-7E51-4020-8157-0716F0DFADAD}.Ad-Hoc|x86.ActiveCfg = Ad-Hoc|iPhone
		{11D8ABE6-7E51-4020-8157-0716F0DFADAD}.AppStore|Any CPU.ActiveCfg = AppStore|iPhone
		{11D8ABE6-7E51-4020-8157-0716F0DFADAD}.AppStore|ARM.ActiveCfg = AppStore|iPhone
		{11D8ABE6-7E51-4020-8157-0716F0DFADAD}.AppStore|iPhone.ActiveCfg = AppStore|iPhone
		{11D8ABE6-7E51-4020-8157-0716F0DFADAD}.AppStore|iPhone.Build.0 = AppStore|iPhone
		{11D8ABE6-7E51-4020-8157-0716F0DFADAD}.AppStore|iPhoneSimulator.ActiveCfg = AppStore|iPhoneSimulator
		{11D8ABE6-7E51-4020-8157-0716F0DFADAD}.AppStore|iPhoneSimulator.Build.0 = AppStore|iPhoneSimulator
		{11D8ABE6-7E51-4020-8157-0716F0DFADAD}.AppStore|x64.ActiveCfg = AppStore|iPhone
		{11D8ABE6-7E51-4020-8157-0716F0DFADAD}.AppStore|x86.ActiveCfg = AppStore|iPhone
		{11D8ABE6-7E51-4020-8157-0716F0DFADAD}.Debug|Any CPU.ActiveCfg = Debug|iPhone
		{11D8ABE6-7E51-4020-8157-0716F0DFADAD}.Debug|ARM.ActiveCfg = Debug|iPhone
		{11D8ABE6-7E51-4020-8157-0716F0DFADAD}.Debug|iPhone.ActiveCfg = Debug|iPhone
		{11D8ABE6-7E51-4020-8157-0716F0DFADAD}.Debug|iPhone.Build.0 = Debug|iPhone
		{11D8ABE6-7E51-4020-8157-0716F0DFADAD}.Debug|iPhoneSimulator.ActiveCfg = Debug|iPhoneSimulator
		{11D8ABE6-7E51-4020-8157-0716F0DFADAD}.Debug|iPhoneSimulator.Build.0 = Debug|iPhoneSimulator
		{11D8ABE6-7E51-4020-8157-0716F0DFADAD}.Debug|x64.ActiveCfg = Debug|iPhone
		{11D8ABE6-7E51-4020-8157-0716F0DFADAD}.Debug|x86.ActiveCfg = Debug|iPhone
		{11D8ABE6-7E51-4020-8157-0716F0DFADAD}.Release|Any CPU.ActiveCfg = Release|iPhone
		{11D8ABE6-7E51-4020-8157-0716F0DFADAD}.Release|ARM.ActiveCfg = Release|iPhone
		{11D8ABE6-7E51-4020-8157-0716F0DFADAD}.Release|iPhone.ActiveCfg = Release|iPhone
		{11D8ABE6-7E51-4020-8157-0716F0DFADAD}.Release|iPhone.Build.0 = Release|iPhone
		{11D8ABE6-7E51-4020-8157-0716F0DFADAD}.Release|iPhoneSimulator.ActiveCfg = Release|iPhoneSimulator
		{11D8ABE6-7E51-4020-8157-0716F0DFADAD}.Release|iPhoneSimulator.Build.0 = Release|iPhoneSimulator
		{11D8ABE6-7E51-4020-8157-0716F0DFADAD}.Release|x64.ActiveCfg = Release|iPhone
		{11D8ABE6-7E51-4020-8157-0716F0DFADAD}.Release|x86.ActiveCfg = Release|iPhone
	EndGlobalSection
	GlobalSection(SolutionProperties) = preSolution
		HideSolutionNode = FALSE
	EndGlobalSection
EndGlobal
