
Microsoft Visual Studio Solution File, Format Version 12.00
# Visual Studio 14
VisualStudioVersion = 14.0.25420.1
MinimumVisualStudioVersion = 10.0.40219.1
Project("{FAE04EC0-301F-11D3-BF4B-00C04F79EFBC}") = "App3.Android", "App3\App3.Android\App3.Android.csproj", "{E9E3E141-18BF-4E71-8422-E1A96D86A500}"
EndProject
Project("{FAE04EC0-301F-11D3-BF4B-00C04F79EFBC}") = "App3", "App3\App3\App3.csproj", "{9E3674FC-15E1-4250-868A-7D94D308FFB2}"
EndProject
Project("{FAE04EC0-301F-11D3-BF4B-00C04F79EFBC}") = "App3.UWP", "App3\App3.UWP\App3.UWP.csproj", "{F88723D2-1218-4730-968A-1CBDD1591942}"
EndProject
Project("{FAE04EC0-301F-11D3-BF4B-00C04F79EFBC}") = "App3.iOS", "App3\App3.iOS\App3.iOS.csproj", "{3CC247B9-822A-4228-B3FF-952F37B1DC89}"
EndProject
Global
	GlobalSection(SolutionConfigurationPlatforms) = preSolution
		Ad-Hoc|Any CPU = Ad-Hoc|Any CPU
		Ad-Hoc|ARM = Ad-Hoc|ARM
		Ad-Hoc|iPhone = Ad-Hoc|iPhone
		Ad-Hoc|iPhoneSimulator = Ad-Hoc|iPhoneSimulator
		Ad-Hoc|x64 = Ad-Hoc|x64
		Ad-Hoc|x86 = Ad-Hoc|x86
		AppStore|Any CPU = AppStore|Any CPU
		AppStore|ARM = AppStore|ARM
		AppStore|iPhone = AppStore|iPhone
		AppStore|iPhoneSimulator = AppStore|iPhoneSimulator
		AppStore|x64 = AppStore|x64
		AppStore|x86 = AppStore|x86
		Debug|Any CPU = Debug|Any CPU
		Debug|ARM = Debug|ARM
		Debug|iPhone = Debug|iPhone
		Debug|iPhoneSimulator = Debug|iPhoneSimulator
		Debug|x64 = Debug|x64
		Debug|x86 = Debug|x86
		Release|Any CPU = Release|Any CPU
		Release|ARM = Release|ARM
		Release|iPhone = Release|iPhone
		Release|iPhoneSimulator = Release|iPhoneSimulator
		Release|x64 = Release|x64
		Release|x86 = Release|x86
	EndGlobalSection
	GlobalSection(ProjectConfigurationPlatforms) = postSolution
		{E9E3E141-18BF-4E71-8422-E1A96D86A500}.Ad-Hoc|Any CPU.ActiveCfg = Release|Any CPU
		{E9E3E141-18BF-4E71-8422-E1A96D86A500}.Ad-Hoc|Any CPU.Build.0 = Release|Any CPU
		{E9E3E141-18BF-4E71-8422-E1A96D86A500}.Ad-Hoc|Any CPU.Deploy.0 = Release|Any CPU
		{E9E3E141-18BF-4E71-8422-E1A96D86A500}.Ad-Hoc|ARM.ActiveCfg = Release|Any CPU
		{E9E3E141-18BF-4E71-8422-E1A96D86A500}.Ad-Hoc|ARM.Build.0 = Release|Any CPU
		{E9E3E141-18BF-4E71-8422-E1A96D86A500}.Ad-Hoc|ARM.Deploy.0 = Release|Any CPU
		{E9E3E141-18BF-4E71-8422-E1A96D86A500}.Ad-Hoc|iPhone.ActiveCfg = Release|Any CPU
		{E9E3E141-18BF-4E71-8422-E1A96D86A500}.Ad-Hoc|iPhone.Build.0 = Release|Any CPU
		{E9E3E141-18BF-4E71-8422-E1A96D86A500}.Ad-Hoc|iPhone.Deploy.0 = Release|Any CPU
		{E9E3E141-18BF-4E71-8422-E1A96D86A500}.Ad-Hoc|iPhoneSimulator.ActiveCfg = Release|Any CPU
		{E9E3E141-18BF-4E71-8422-E1A96D86A500}.Ad-Hoc|iPhoneSimulator.Build.0 = Release|Any CPU
		{E9E3E141-18BF-4E71-8422-E1A96D86A500}.Ad-Hoc|iPhoneSimulator.Deploy.0 = Release|Any CPU
		{E9E3E141-18BF-4E71-8422-E1A96D86A500}.Ad-Hoc|x64.ActiveCfg = Release|Any CPU
		{E9E3E141-18BF-4E71-8422-E1A96D86A500}.Ad-Hoc|x64.Build.0 = Release|Any CPU
		{E9E3E141-18BF-4E71-8422-E1A96D86A500}.Ad-Hoc|x64.Deploy.0 = Release|Any CPU
		{E9E3E141-18BF-4E71-8422-E1A96D86A500}.Ad-Hoc|x86.ActiveCfg = Release|Any CPU
		{E9E3E141-18BF-4E71-8422-E1A96D86A500}.Ad-Hoc|x86.Build.0 = Release|Any CPU
		{E9E3E141-18BF-4E71-8422-E1A96D86A500}.Ad-Hoc|x86.Deploy.0 = Release|Any CPU
		{E9E3E141-18BF-4E71-8422-E1A96D86A500}.AppStore|Any CPU.ActiveCfg = Release|Any CPU
		{E9E3E141-18BF-4E71-8422-E1A96D86A500}.AppStore|Any CPU.Build.0 = Release|Any CPU
		{E9E3E141-18BF-4E71-8422-E1A96D86A500}.AppStore|Any CPU.Deploy.0 = Release|Any CPU
		{E9E3E141-18BF-4E71-8422-E1A96D86A500}.AppStore|ARM.ActiveCfg = Release|Any CPU
		{E9E3E141-18BF-4E71-8422-E1A96D86A500}.AppStore|ARM.Build.0 = Release|Any CPU
		{E9E3E141-18BF-4E71-8422-E1A96D86A500}.AppStore|ARM.Deploy.0 = Release|Any CPU
		{E9E3E141-18BF-4E71-8422-E1A96D86A500}.AppStore|iPhone.ActiveCfg = Release|Any CPU
		{E9E3E141-18BF-4E71-8422-E1A96D86A500}.AppStore|iPhone.Build.0 = Release|Any CPU
		{E9E3E141-18BF-4E71-8422-E1A96D86A500}.AppStore|iPhone.Deploy.0 = Release|Any CPU
		{E9E3E141-18BF-4E71-8422-E1A96D86A500}.AppStore|iPhoneSimulator.ActiveCfg = Release|Any CPU
		{E9E3E141-18BF-4E71-8422-E1A96D86A500}.AppStore|iPhoneSimulator.Build.0 = Release|Any CPU
		{E9E3E141-18BF-4E71-8422-E1A96D86A500}.AppStore|iPhoneSimulator.Deploy.0 = Release|Any CPU
		{E9E3E141-18BF-4E71-8422-E1A96D86A500}.AppStore|x64.ActiveCfg = Release|Any CPU
		{E9E3E141-18BF-4E71-8422-E1A96D86A500}.AppStore|x64.Build.0 = Release|Any CPU
		{E9E3E141-18BF-4E71-8422-E1A96D86A500}.AppStore|x64.Deploy.0 = Release|Any CPU
		{E9E3E141-18BF-4E71-8422-E1A96D86A500}.AppStore|x86.ActiveCfg = Release|Any CPU
		{E9E3E141-18BF-4E71-8422-E1A96D86A500}.AppStore|x86.Build.0 = Release|Any CPU
		{E9E3E141-18BF-4E71-8422-E1A96D86A500}.AppStore|x86.Deploy.0 = Release|Any CPU
		{E9E3E141-18BF-4E71-8422-E1A96D86A500}.Debug|Any CPU.ActiveCfg = Debug|Any CPU
		{E9E3E141-18BF-4E71-8422-E1A96D86A500}.Debug|Any CPU.Build.0 = Debug|Any CPU
		{E9E3E141-18BF-4E71-8422-E1A96D86A500}.Debug|Any CPU.Deploy.0 = Debug|Any CPU
		{E9E3E141-18BF-4E71-8422-E1A96D86A500}.Debug|ARM.ActiveCfg = Debug|Any CPU
		{E9E3E141-18BF-4E71-8422-E1A96D86A500}.Debug|ARM.Build.0 = Debug|Any CPU
		{E9E3E141-18BF-4E71-8422-E1A96D86A500}.Debug|ARM.Deploy.0 = Debug|Any CPU
		{E9E3E141-18BF-4E71-8422-E1A96D86A500}.Debug|iPhone.ActiveCfg = Debug|Any CPU
		{E9E3E141-18BF-4E71-8422-E1A96D86A500}.Debug|iPhone.Build.0 = Debug|Any CPU
		{E9E3E141-18BF-4E71-8422-E1A96D86A500}.Debug|iPhone.Deploy.0 = Debug|Any CPU
		{E9E3E141-18BF-4E71-8422-E1A96D86A500}.Debug|iPhoneSimulator.ActiveCfg = Debug|Any CPU
		{E9E3E141-18BF-4E71-8422-E1A96D86A500}.Debug|iPhoneSimulator.Build.0 = Debug|Any CPU
		{E9E3E141-18BF-4E71-8422-E1A96D86A500}.Debug|iPhoneSimulator.Deploy.0 = Debug|Any CPU
		{E9E3E141-18BF-4E71-8422-E1A96D86A500}.Debug|x64.ActiveCfg = Debug|Any CPU
		{E9E3E141-18BF-4E71-8422-E1A96D86A500}.Debug|x64.Build.0 = Debug|Any CPU
		{E9E3E141-18BF-4E71-8422-E1A96D86A500}.Debug|x64.Deploy.0 = Debug|Any CPU
		{E9E3E141-18BF-4E71-8422-E1A96D86A500}.Debug|x86.ActiveCfg = Debug|Any CPU
		{E9E3E141-18BF-4E71-8422-E1A96D86A500}.Debug|x86.Build.0 = Debug|Any CPU
		{E9E3E141-18BF-4E71-8422-E1A96D86A500}.Debug|x86.Deploy.0 = Debug|Any CPU
		{E9E3E141-18BF-4E71-8422-E1A96D86A500}.Release|Any CPU.ActiveCfg = Release|Any CPU
		{E9E3E141-18BF-4E71-8422-E1A96D86A500}.Release|Any CPU.Build.0 = Release|Any CPU
		{E9E3E141-18BF-4E71-8422-E1A96D86A500}.Release|Any CPU.Deploy.0 = Release|Any CPU
		{E9E3E141-18BF-4E71-8422-E1A96D86A500}.Release|ARM.ActiveCfg = Release|Any CPU
		{E9E3E141-18BF-4E71-8422-E1A96D86A500}.Release|ARM.Build.0 = Release|Any CPU
		{E9E3E141-18BF-4E71-8422-E1A96D86A500}.Release|ARM.Deploy.0 = Release|Any CPU
		{E9E3E141-18BF-4E71-8422-E1A96D86A500}.Release|iPhone.ActiveCfg = Release|Any CPU
		{E9E3E141-18BF-4E71-8422-E1A96D86A500}.Release|iPhone.Build.0 = Release|Any CPU
		{E9E3E141-18BF-4E71-8422-E1A96D86A500}.Release|iPhone.Deploy.0 = Release|Any CPU
		{E9E3E141-18BF-4E71-8422-E1A96D86A500}.Release|iPhoneSimulator.ActiveCfg = Release|Any CPU
		{E9E3E141-18BF-4E71-8422-E1A96D86A500}.Release|iPhoneSimulator.Build.0 = Release|Any CPU
		{E9E3E141-18BF-4E71-8422-E1A96D86A500}.Release|iPhoneSimulator.Deploy.0 = Release|Any CPU
		{E9E3E141-18BF-4E71-8422-E1A96D86A500}.Release|x64.ActiveCfg = Release|Any CPU
		{E9E3E141-18BF-4E71-8422-E1A96D86A500}.Release|x64.Build.0 = Release|Any CPU
		{E9E3E141-18BF-4E71-8422-E1A96D86A500}.Release|x64.Deploy.0 = Release|Any CPU
		{E9E3E141-18BF-4E71-8422-E1A96D86A500}.Release|x86.ActiveCfg = Release|Any CPU
		{E9E3E141-18BF-4E71-8422-E1A96D86A500}.Release|x86.Build.0 = Release|Any CPU
		{E9E3E141-18BF-4E71-8422-E1A96D86A500}.Release|x86.Deploy.0 = Release|Any CPU
		{9E3674FC-15E1-4250-868A-7D94D308FFB2}.Ad-Hoc|Any CPU.ActiveCfg = Release|Any CPU
		{9E3674FC-15E1-4250-868A-7D94D308FFB2}.Ad-Hoc|Any CPU.Build.0 = Release|Any CPU
		{9E3674FC-15E1-4250-868A-7D94D308FFB2}.Ad-Hoc|ARM.ActiveCfg = Release|Any CPU
		{9E3674FC-15E1-4250-868A-7D94D308FFB2}.Ad-Hoc|ARM.Build.0 = Release|Any CPU
		{9E3674FC-15E1-4250-868A-7D94D308FFB2}.Ad-Hoc|iPhone.ActiveCfg = Release|Any CPU
		{9E3674FC-15E1-4250-868A-7D94D308FFB2}.Ad-Hoc|iPhone.Build.0 = Release|Any CPU
		{9E3674FC-15E1-4250-868A-7D94D308FFB2}.Ad-Hoc|iPhoneSimulator.ActiveCfg = Release|Any CPU
		{9E3674FC-15E1-4250-868A-7D94D308FFB2}.Ad-Hoc|iPhoneSimulator.Build.0 = Release|Any CPU
		{9E3674FC-15E1-4250-868A-7D94D308FFB2}.Ad-Hoc|x64.ActiveCfg = Release|Any CPU
		{9E3674FC-15E1-4250-868A-7D94D308FFB2}.Ad-Hoc|x64.Build.0 = Release|Any CPU
		{9E3674FC-15E1-4250-868A-7D94D308FFB2}.Ad-Hoc|x86.ActiveCfg = Release|Any CPU
		{9E3674FC-15E1-4250-868A-7D94D308FFB2}.Ad-Hoc|x86.Build.0 = Release|Any CPU
		{9E3674FC-15E1-4250-868A-7D94D308FFB2}.AppStore|Any CPU.ActiveCfg = Release|Any CPU
		{9E3674FC-15E1-4250-868A-7D94D308FFB2}.AppStore|Any CPU.Build.0 = Release|Any CPU
		{9E3674FC-15E1-4250-868A-7D94D308FFB2}.AppStore|ARM.ActiveCfg = Release|Any CPU
		{9E3674FC-15E1-4250-868A-7D94D308FFB2}.AppStore|ARM.Build.0 = Release|Any CPU
		{9E3674FC-15E1-4250-868A-7D94D308FFB2}.AppStore|iPhone.ActiveCfg = Release|Any CPU
		{9E3674FC-15E1-4250-868A-7D94D308FFB2}.AppStore|iPhone.Build.0 = Release|Any CPU
		{9E3674FC-15E1-4250-868A-7D94D308FFB2}.AppStore|iPhoneSimulator.ActiveCfg = Release|Any CPU
		{9E3674FC-15E1-4250-868A-7D94D308FFB2}.AppStore|iPhoneSimulator.Build.0 = Release|Any CPU
		{9E3674FC-15E1-4250-868A-7D94D308FFB2}.AppStore|x64.ActiveCfg = Release|Any CPU
		{9E3674FC-15E1-4250-868A-7D94D308FFB2}.AppStore|x64.Build.0 = Release|Any CPU
		{9E3674FC-15E1-4250-868A-7D94D308FFB2}.AppStore|x86.ActiveCfg = Release|Any CPU
		{9E3674FC-15E1-4250-868A-7D94D308FFB2}.AppStore|x86.Build.0 = Release|Any CPU
		{9E3674FC-15E1-4250-868A-7D94D308FFB2}.Debug|Any CPU.ActiveCfg = Debug|Any CPU
		{9E3674FC-15E1-4250-868A-7D94D308FFB2}.Debug|Any CPU.Build.0 = Debug|Any CPU
		{9E3674FC-15E1-4250-868A-7D94D308FFB2}.Debug|ARM.ActiveCfg = Debug|Any CPU
		{9E3674FC-15E1-4250-868A-7D94D308FFB2}.Debug|ARM.Build.0 = Debug|Any CPU
		{9E3674FC-15E1-4250-868A-7D94D308FFB2}.Debug|iPhone.ActiveCfg = Debug|Any CPU
		{9E3674FC-15E1-4250-868A-7D94D308FFB2}.Debug|iPhone.Build.0 = Debug|Any CPU
		{9E3674FC-15E1-4250-868A-7D94D308FFB2}.Debug|iPhoneSimulator.ActiveCfg = Debug|Any CPU
		{9E3674FC-15E1-4250-868A-7D94D308FFB2}.Debug|iPhoneSimulator.Build.0 = Debug|Any CPU
		{9E3674FC-15E1-4250-868A-7D94D308FFB2}.Debug|x64.ActiveCfg = Debug|Any CPU
		{9E3674FC-15E1-4250-868A-7D94D308FFB2}.Debug|x64.Build.0 = Debug|Any CPU
		{9E3674FC-15E1-4250-868A-7D94D308FFB2}.Debug|x86.ActiveCfg = Debug|Any CPU
		{9E3674FC-15E1-4250-868A-7D94D308FFB2}.Debug|x86.Build.0 = Debug|Any CPU
		{9E3674FC-15E1-4250-868A-7D94D308FFB2}.Release|Any CPU.ActiveCfg = Release|Any CPU
		{9E3674FC-15E1-4250-868A-7D94D308FFB2}.Release|Any CPU.Build.0 = Release|Any CPU
		{9E3674FC-15E1-4250-868A-7D94D308FFB2}.Release|ARM.ActiveCfg = Release|Any CPU
		{9E3674FC-15E1-4250-868A-7D94D308FFB2}.Release|ARM.Build.0 = Release|Any CPU
		{9E3674FC-15E1-4250-868A-7D94D308FFB2}.Release|iPhone.ActiveCfg = Release|Any CPU
		{9E3674FC-15E1-4250-868A-7D94D308FFB2}.Release|iPhone.Build.0 = Release|Any CPU
		{9E3674FC-15E1-4250-868A-7D94D308FFB2}.Release|iPhoneSimulator.ActiveCfg = Release|Any CPU
		{9E3674FC-15E1-4250-868A-7D94D308FFB2}.Release|iPhoneSimulator.Build.0 = Release|Any CPU
		{9E3674FC-15E1-4250-868A-7D94D308FFB2}.Release|x64.ActiveCfg = Release|Any CPU
		{9E3674FC-15E1-4250-868A-7D94D308FFB2}.Release|x64.Build.0 = Release|Any CPU
		{9E3674FC-15E1-4250-868A-7D94D308FFB2}.Release|x86.ActiveCfg = Release|Any CPU
		{9E3674FC-15E1-4250-868A-7D94D308FFB2}.Release|x86.Build.0 = Release|Any CPU
		{F88723D2-1218-4730-968A-1CBDD1591942}.Ad-Hoc|Any CPU.ActiveCfg = Release|x86
		{F88723D2-1218-4730-968A-1CBDD1591942}.Ad-Hoc|Any CPU.Build.0 = Release|x86
		{F88723D2-1218-4730-968A-1CBDD1591942}.Ad-Hoc|Any CPU.Deploy.0 = Release|x86
		{F88723D2-1218-4730-968A-1CBDD1591942}.Ad-Hoc|ARM.ActiveCfg = Release|ARM
		{F88723D2-1218-4730-968A-1CBDD1591942}.Ad-Hoc|ARM.Build.0 = Release|ARM
		{F88723D2-1218-4730-968A-1CBDD1591942}.Ad-Hoc|ARM.Deploy.0 = Release|ARM
		{F88723D2-1218-4730-968A-1CBDD1591942}.Ad-Hoc|iPhone.ActiveCfg = Release|x86
		{F88723D2-1218-4730-968A-1CBDD1591942}.Ad-Hoc|iPhone.Build.0 = Release|x86
		{F88723D2-1218-4730-968A-1CBDD1591942}.Ad-Hoc|iPhone.Deploy.0 = Release|x86
		{F88723D2-1218-4730-968A-1CBDD1591942}.Ad-Hoc|iPhoneSimulator.ActiveCfg = Release|x86
		{F88723D2-1218-4730-968A-1CBDD1591942}.Ad-Hoc|iPhoneSimulator.Build.0 = Release|x86
		{F88723D2-1218-4730-968A-1CBDD1591942}.Ad-Hoc|iPhoneSimulator.Deploy.0 = Release|x86
		{F88723D2-1218-4730-968A-1CBDD1591942}.Ad-Hoc|x64.ActiveCfg = Release|x64
		{F88723D2-1218-4730-968A-1CBDD1591942}.Ad-Hoc|x64.Build.0 = Release|x64
		{F88723D2-1218-4730-968A-1CBDD1591942}.Ad-Hoc|x64.Deploy.0 = Release|x64
		{F88723D2-1218-4730-968A-1CBDD1591942}.Ad-Hoc|x86.ActiveCfg = Release|x86
		{F88723D2-1218-4730-968A-1CBDD1591942}.Ad-Hoc|x86.Build.0 = Release|x86
		{F88723D2-1218-4730-968A-1CBDD1591942}.Ad-Hoc|x86.Deploy.0 = Release|x86
		{F88723D2-1218-4730-968A-1CBDD1591942}.AppStore|Any CPU.ActiveCfg = Release|x86
		{F88723D2-1218-4730-968A-1CBDD1591942}.AppStore|Any CPU.Build.0 = Release|x86
		{F88723D2-1218-4730-968A-1CBDD1591942}.AppStore|Any CPU.Deploy.0 = Release|x86
		{F88723D2-1218-4730-968A-1CBDD1591942}.AppStore|ARM.ActiveCfg = Release|ARM
		{F88723D2-1218-4730-968A-1CBDD1591942}.AppStore|ARM.Build.0 = Release|ARM
		{F88723D2-1218-4730-968A-1CBDD1591942}.AppStore|ARM.Deploy.0 = Release|ARM
		{F88723D2-1218-4730-968A-1CBDD1591942}.AppStore|iPhone.ActiveCfg = Release|x86
		{F88723D2-1218-4730-968A-1CBDD1591942}.AppStore|iPhone.Build.0 = Release|x86
		{F88723D2-1218-4730-968A-1CBDD1591942}.AppStore|iPhone.Deploy.0 = Release|x86
		{F88723D2-1218-4730-968A-1CBDD1591942}.AppStore|iPhoneSimulator.ActiveCfg = Release|x86
		{F88723D2-1218-4730-968A-1CBDD1591942}.AppStore|iPhoneSimulator.Build.0 = Release|x86
		{F88723D2-1218-4730-968A-1CBDD1591942}.AppStore|iPhoneSimulator.Deploy.0 = Release|x86
		{F88723D2-1218-4730-968A-1CBDD1591942}.AppStore|x64.ActiveCfg = Release|x64
		{F88723D2-1218-4730-968A-1CBDD1591942}.AppStore|x64.Build.0 = Release|x64
		{F88723D2-1218-4730-968A-1CBDD1591942}.AppStore|x64.Deploy.0 = Release|x64
		{F88723D2-1218-4730-968A-1CBDD1591942}.AppStore|x86.ActiveCfg = Release|x86
		{F88723D2-1218-4730-968A-1CBDD1591942}.AppStore|x86.Build.0 = Release|x86
		{F88723D2-1218-4730-968A-1CBDD1591942}.AppStore|x86.Deploy.0 = Release|x86
		{F88723D2-1218-4730-968A-1CBDD1591942}.Debug|Any CPU.ActiveCfg = Debug|x86
		{F88723D2-1218-4730-968A-1CBDD1591942}.Debug|ARM.ActiveCfg = Debug|ARM
		{F88723D2-1218-4730-968A-1CBDD1591942}.Debug|ARM.Build.0 = Debug|ARM
		{F88723D2-1218-4730-968A-1CBDD1591942}.Debug|ARM.Deploy.0 = Debug|ARM
		{F88723D2-1218-4730-968A-1CBDD1591942}.Debug|iPhone.ActiveCfg = Debug|x86
		{F88723D2-1218-4730-968A-1CBDD1591942}.Debug|iPhoneSimulator.ActiveCfg = Debug|x86
		{F88723D2-1218-4730-968A-1CBDD1591942}.Debug|x64.ActiveCfg = Debug|x64
		{F88723D2-1218-4730-968A-1CBDD1591942}.Debug|x64.Build.0 = Debug|x64
		{F88723D2-1218-4730-968A-1CBDD1591942}.Debug|x64.Deploy.0 = Debug|x64
		{F88723D2-1218-4730-968A-1CBDD1591942}.Debug|x86.ActiveCfg = Debug|x86
		{F88723D2-1218-4730-968A-1CBDD1591942}.Debug|x86.Build.0 = Debug|x86
		{F88723D2-1218-4730-968A-1CBDD1591942}.Debug|x86.Deploy.0 = Debug|x86
		{F88723D2-1218-4730-968A-1CBDD1591942}.Release|Any CPU.ActiveCfg = Release|x86
		{F88723D2-1218-4730-968A-1CBDD1591942}.Release|ARM.ActiveCfg = Release|ARM
		{F88723D2-1218-4730-968A-1CBDD1591942}.Release|ARM.Build.0 = Release|ARM
		{F88723D2-1218-4730-968A-1CBDD1591942}.Release|ARM.Deploy.0 = Release|ARM
		{F88723D2-1218-4730-968A-1CBDD1591942}.Release|iPhone.ActiveCfg = Release|x86
		{F88723D2-1218-4730-968A-1CBDD1591942}.Release|iPhoneSimulator.ActiveCfg = Release|x86
		{F88723D2-1218-4730-968A-1CBDD1591942}.Release|x64.ActiveCfg = Release|x64
		{F88723D2-1218-4730-968A-1CBDD1591942}.Release|x64.Build.0 = Release|x64
		{F88723D2-1218-4730-968A-1CBDD1591942}.Release|x64.Deploy.0 = Release|x64
		{F88723D2-1218-4730-968A-1CBDD1591942}.Release|x86.ActiveCfg = Release|x86
		{F88723D2-1218-4730-968A-1CBDD1591942}.Release|x86.Build.0 = Release|x86
		{F88723D2-1218-4730-968A-1CBDD1591942}.Release|x86.Deploy.0 = Release|x86
		{3CC247B9-822A-4228-B3FF-952F37B1DC89}.Ad-Hoc|Any CPU.ActiveCfg = Ad-Hoc|iPhone
		{3CC247B9-822A-4228-B3FF-952F37B1DC89}.Ad-Hoc|ARM.ActiveCfg = Ad-Hoc|iPhone
		{3CC247B9-822A-4228-B3FF-952F37B1DC89}.Ad-Hoc|iPhone.ActiveCfg = Ad-Hoc|iPhone
		{3CC247B9-822A-4228-B3FF-952F37B1DC89}.Ad-Hoc|iPhone.Build.0 = Ad-Hoc|iPhone
		{3CC247B9-822A-4228-B3FF-952F37B1DC89}.Ad-Hoc|iPhoneSimulator.ActiveCfg = Ad-Hoc|iPhoneSimulator
		{3CC247B9-822A-4228-B3FF-952F37B1DC89}.Ad-Hoc|iPhoneSimulator.Build.0 = Ad-Hoc|iPhoneSimulator
		{3CC247B9-822A-4228-B3FF-952F37B1DC89}.Ad-Hoc|x64.ActiveCfg = Ad-Hoc|iPhone
		{3CC247B9-822A-4228-B3FF-952F37B1DC89}.Ad-Hoc|x86.ActiveCfg = Ad-Hoc|iPhone
		{3CC247B9-822A-4228-B3FF-952F37B1DC89}.AppStore|Any CPU.ActiveCfg = AppStore|iPhone
		{3CC247B9-822A-4228-B3FF-952F37B1DC89}.AppStore|ARM.ActiveCfg = AppStore|iPhone
		{3CC247B9-822A-4228-B3FF-952F37B1DC89}.AppStore|iPhone.ActiveCfg = AppStore|iPhone
		{3CC247B9-822A-4228-B3FF-952F37B1DC89}.AppStore|iPhone.Build.0 = AppStore|iPhone
		{3CC247B9-822A-4228-B3FF-952F37B1DC89}.AppStore|iPhoneSimulator.ActiveCfg = AppStore|iPhoneSimulator
		{3CC247B9-822A-4228-B3FF-952F37B1DC89}.AppStore|iPhoneSimulator.Build.0 = AppStore|iPhoneSimulator
		{3CC247B9-822A-4228-B3FF-952F37B1DC89}.AppStore|x64.ActiveCfg = AppStore|iPhone
		{3CC247B9-822A-4228-B3FF-952F37B1DC89}.AppStore|x86.ActiveCfg = AppStore|iPhone
		{3CC247B9-822A-4228-B3FF-952F37B1DC89}.Debug|Any CPU.ActiveCfg = Debug|iPhone
		{3CC247B9-822A-4228-B3FF-952F37B1DC89}.Debug|ARM.ActiveCfg = Debug|iPhone
		{3CC247B9-822A-4228-B3FF-952F37B1DC89}.Debug|iPhone.ActiveCfg = Debug|iPhone
		{3CC247B9-822A-4228-B3FF-952F37B1DC89}.Debug|iPhone.Build.0 = Debug|iPhone
		{3CC247B9-822A-4228-B3FF-952F37B1DC89}.Debug|iPhoneSimulator.ActiveCfg = Debug|iPhoneSimulator
		{3CC247B9-822A-4228-B3FF-952F37B1DC89}.Debug|iPhoneSimulator.Build.0 = Debug|iPhoneSimulator
		{3CC247B9-822A-4228-B3FF-952F37B1DC89}.Debug|x64.ActiveCfg = Debug|iPhone
		{3CC247B9-822A-4228-B3FF-952F37B1DC89}.Debug|x86.ActiveCfg = Debug|iPhone
		{3CC247B9-822A-4228-B3FF-952F37B1DC89}.Release|Any CPU.ActiveCfg = Release|iPhone
		{3CC247B9-822A-4228-B3FF-952F37B1DC89}.Release|ARM.ActiveCfg = Release|iPhone
		{3CC247B9-822A-4228-B3FF-952F37B1DC89}.Release|iPhone.ActiveCfg = Release|iPhone
		{3CC247B9-822A-4228-B3FF-952F37B1DC89}.Release|iPhone.Build.0 = Release|iPhone
		{3CC247B9-822A-4228-B3FF-952F37B1DC89}.Release|iPhoneSimulator.ActiveCfg = Release|iPhoneSimulator
		{3CC247B9-822A-4228-B3FF-952F37B1DC89}.Release|iPhoneSimulator.Build.0 = Release|iPhoneSimulator
		{3CC247B9-822A-4228-B3FF-952F37B1DC89}.Release|x64.ActiveCfg = Release|iPhone
		{3CC247B9-822A-4228-B3FF-952F37B1DC89}.Release|x86.ActiveCfg = Release|iPhone
	EndGlobalSection
	GlobalSection(SolutionProperties) = preSolution
		HideSolutionNode = FALSE
	EndGlobalSection
EndGlobal
