
Microsoft Visual Studio Solution File, Format Version 12.00
# Visual Studio 14
VisualStudioVersion = 14.0.25420.1
MinimumVisualStudioVersion = 10.0.40219.1
Project("{FAE04EC0-301F-11D3-BF4B-00C04F79EFBC}") = "App1.Android", "App1\App1.Android\App1.Android.csproj", "{26B74531-6771-434E-B336-C3BF3560C50A}"
EndProject
Project("{FAE04EC0-301F-11D3-BF4B-00C04F79EFBC}") = "App1", "App1\App1\App1.csproj", "{529C086D-7EC2-4123-B547-FBFFABD4C05C}"
EndProject
Project("{FAE04EC0-301F-11D3-BF4B-00C04F79EFBC}") = "App1.iOS", "App1\App1.iOS\App1.iOS.csproj", "{EEE4C291-840F-4328-8360-1B6A4FD4D45A}"
EndProject
Global
	GlobalSection(SolutionConfigurationPlatforms) = preSolution
		Ad-Hoc|Any CPU = Ad-Hoc|Any CPU
		Ad-Hoc|ARM = Ad-Hoc|ARM
		Ad-Hoc|iPhone = Ad-Hoc|iPhone
		Ad-Hoc|iPhoneSimulator = Ad-Hoc|iPhoneSimulator
		Ad-Hoc|x64 = Ad-Hoc|x64
		Ad-Hoc|x86 = Ad-Hoc|x86
		AppStore|Any CPU = AppStore|Any CPU
		AppStore|ARM = AppStore|ARM
		AppStore|iPhone = AppStore|iPhone
		AppStore|iPhoneSimulator = AppStore|iPhoneSimulator
		AppStore|x64 = AppStore|x64
		AppStore|x86 = AppStore|x86
		Debug|Any CPU = Debug|Any CPU
		Debug|ARM = Debug|ARM
		Debug|iPhone = Debug|iPhone
		Debug|iPhoneSimulator = Debug|iPhoneSimulator
		Debug|x64 = Debug|x64
		Debug|x86 = Debug|x86
		Release|Any CPU = Release|Any CPU
		Release|ARM = Release|ARM
		Release|iPhone = Release|iPhone
		Release|iPhoneSimulator = Release|iPhoneSimulator
		Release|x64 = Release|x64
		Release|x86 = Release|x86
	EndGlobalSection
	GlobalSection(ProjectConfigurationPlatforms) = postSolution
		{26B74531-6771-434E-B336-C3BF3560C50A}.Ad-Hoc|Any CPU.ActiveCfg = Release|Any CPU
		{26B74531-6771-434E-B336-C3BF3560C50A}.Ad-Hoc|Any CPU.Build.0 = Release|Any CPU
		{26B74531-6771-434E-B336-C3BF3560C50A}.Ad-Hoc|Any CPU.Deploy.0 = Release|Any CPU
		{26B74531-6771-434E-B336-C3BF3560C50A}.Ad-Hoc|ARM.ActiveCfg = Release|Any CPU
		{26B74531-6771-434E-B336-C3BF3560C50A}.Ad-Hoc|ARM.Build.0 = Release|Any CPU
		{26B74531-6771-434E-B336-C3BF3560C50A}.Ad-Hoc|ARM.Deploy.0 = Release|Any CPU
		{26B74531-6771-434E-B336-C3BF3560C50A}.Ad-Hoc|iPhone.ActiveCfg = Release|Any CPU
		{26B74531-6771-434E-B336-C3BF3560C50A}.Ad-Hoc|iPhone.Build.0 = Release|Any CPU
		{26B74531-6771-434E-B336-C3BF3560C50A}.Ad-Hoc|iPhone.Deploy.0 = Release|Any CPU
		{26B74531-6771-434E-B336-C3BF3560C50A}.Ad-Hoc|iPhoneSimulator.ActiveCfg = Release|Any CPU
		{26B74531-6771-434E-B336-C3BF3560C50A}.Ad-Hoc|iPhoneSimulator.Build.0 = Release|Any CPU
		{26B74531-6771-434E-B336-C3BF3560C50A}.Ad-Hoc|iPhoneSimulator.Deploy.0 = Release|Any CPU
		{26B74531-6771-434E-B336-C3BF3560C50A}.Ad-Hoc|x64.ActiveCfg = Release|Any CPU
		{26B74531-6771-434E-B336-C3BF3560C50A}.Ad-Hoc|x64.Build.0 = Release|Any CPU
		{26B74531-6771-434E-B336-C3BF3560C50A}.Ad-Hoc|x64.Deploy.0 = Release|Any CPU
		{26B74531-6771-434E-B336-C3BF3560C50A}.Ad-Hoc|x86.ActiveCfg = Release|Any CPU
		{26B74531-6771-434E-B336-C3BF3560C50A}.Ad-Hoc|x86.Build.0 = Release|Any CPU
		{26B74531-6771-434E-B336-C3BF3560C50A}.Ad-Hoc|x86.Deploy.0 = Release|Any CPU
		{26B74531-6771-434E-B336-C3BF3560C50A}.AppStore|Any CPU.ActiveCfg = Release|Any CPU
		{26B74531-6771-434E-B336-C3BF3560C50A}.AppStore|Any CPU.Build.0 = Release|Any CPU
		{26B74531-6771-434E-B336-C3BF3560C50A}.AppStore|Any CPU.Deploy.0 = Release|Any CPU
		{26B74531-6771-434E-B336-C3BF3560C50A}.AppStore|ARM.ActiveCfg = Release|Any CPU
		{26B74531-6771-434E-B336-C3BF3560C50A}.AppStore|ARM.Build.0 = Release|Any CPU
		{26B74531-6771-434E-B336-C3BF3560C50A}.AppStore|ARM.Deploy.0 = Release|Any CPU
		{26B74531-6771-434E-B336-C3BF3560C50A}.AppStore|iPhone.ActiveCfg = Release|Any CPU
		{26B74531-6771-434E-B336-C3BF3560C50A}.AppStore|iPhone.Build.0 = Release|Any CPU
		{26B74531-6771-434E-B336-C3BF3560C50A}.AppStore|iPhone.Deploy.0 = Release|Any CPU
		{26B74531-6771-434E-B336-C3BF3560C50A}.AppStore|iPhoneSimulator.ActiveCfg = Release|Any CPU
		{26B74531-6771-434E-B336-C3BF3560C50A}.AppStore|iPhoneSimulator.Build.0 = Release|Any CPU
		{26B74531-6771-434E-B336-C3BF3560C50A}.AppStore|iPhoneSimulator.Deploy.0 = Release|Any CPU
		{26B74531-6771-434E-B336-C3BF3560C50A}.AppStore|x64.ActiveCfg = Release|Any CPU
		{26B74531-6771-434E-B336-C3BF3560C50A}.AppStore|x64.Build.0 = Release|Any CPU
		{26B74531-6771-434E-B336-C3BF3560C50A}.AppStore|x64.Deploy.0 = Release|Any CPU
		{26B74531-6771-434E-B336-C3BF3560C50A}.AppStore|x86.ActiveCfg = Release|Any CPU
		{26B74531-6771-434E-B336-C3BF3560C50A}.AppStore|x86.Build.0 = Release|Any CPU
		{26B74531-6771-434E-B336-C3BF3560C50A}.AppStore|x86.Deploy.0 = Release|Any CPU
		{26B74531-6771-434E-B336-C3BF3560C50A}.Debug|Any CPU.ActiveCfg = Debug|Any CPU
		{26B74531-6771-434E-B336-C3BF3560C50A}.Debug|Any CPU.Build.0 = Debug|Any CPU
		{26B74531-6771-434E-B336-C3BF3560C50A}.Debug|Any CPU.Deploy.0 = Debug|Any CPU
		{26B74531-6771-434E-B336-C3BF3560C50A}.Debug|ARM.ActiveCfg = Debug|Any CPU
		{26B74531-6771-434E-B336-C3BF3560C50A}.Debug|ARM.Build.0 = Debug|Any CPU
		{26B74531-6771-434E-B336-C3BF3560C50A}.Debug|ARM.Deploy.0 = Debug|Any CPU
		{26B74531-6771-434E-B336-C3BF3560C50A}.Debug|iPhone.ActiveCfg = Debug|Any CPU
		{26B74531-6771-434E-B336-C3BF3560C50A}.Debug|iPhone.Build.0 = Debug|Any CPU
		{26B74531-6771-434E-B336-C3BF3560C50A}.Debug|iPhone.Deploy.0 = Debug|Any CPU
		{26B74531-6771-434E-B336-C3BF3560C50A}.Debug|iPhoneSimulator.ActiveCfg = Debug|Any CPU
		{26B74531-6771-434E-B336-C3BF3560C50A}.Debug|iPhoneSimulator.Build.0 = Debug|Any CPU
		{26B74531-6771-434E-B336-C3BF3560C50A}.Debug|iPhoneSimulator.Deploy.0 = Debug|Any CPU
		{26B74531-6771-434E-B336-C3BF3560C50A}.Debug|x64.ActiveCfg = Debug|Any CPU
		{26B74531-6771-434E-B336-C3BF3560C50A}.Debug|x64.Build.0 = Debug|Any CPU
		{26B74531-6771-434E-B336-C3BF3560C50A}.Debug|x64.Deploy.0 = Debug|Any CPU
		{26B74531-6771-434E-B336-C3BF3560C50A}.Debug|x86.ActiveCfg = Debug|Any CPU
		{26B74531-6771-434E-B336-C3BF3560C50A}.Debug|x86.Build.0 = Debug|Any CPU
		{26B74531-6771-434E-B336-C3BF3560C50A}.Debug|x86.Deploy.0 = Debug|Any CPU
		{26B74531-6771-434E-B336-C3BF3560C50A}.Release|Any CPU.ActiveCfg = Release|Any CPU
		{26B74531-6771-434E-B336-C3BF3560C50A}.Release|Any CPU.Build.0 = Release|Any CPU
		{26B74531-6771-434E-B336-C3BF3560C50A}.Release|Any CPU.Deploy.0 = Release|Any CPU
		{26B74531-6771-434E-B336-C3BF3560C50A}.Release|ARM.ActiveCfg = Release|Any CPU
		{26B74531-6771-434E-B336-C3BF3560C50A}.Release|ARM.Build.0 = Release|Any CPU
		{26B74531-6771-434E-B336-C3BF3560C50A}.Release|ARM.Deploy.0 = Release|Any CPU
		{26B74531-6771-434E-B336-C3BF3560C50A}.Release|iPhone.ActiveCfg = Release|Any CPU
		{26B74531-6771-434E-B336-C3BF3560C50A}.Release|iPhone.Build.0 = Release|Any CPU
		{26B74531-6771-434E-B336-C3BF3560C50A}.Release|iPhone.Deploy.0 = Release|Any CPU
		{26B74531-6771-434E-B336-C3BF3560C50A}.Release|iPhoneSimulator.ActiveCfg = Release|Any CPU
		{26B74531-6771-434E-B336-C3BF3560C50A}.Release|iPhoneSimulator.Build.0 = Release|Any CPU
		{26B74531-6771-434E-B336-C3BF3560C50A}.Release|iPhoneSimulator.Deploy.0 = Release|Any CPU
		{26B74531-6771-434E-B336-C3BF3560C50A}.Release|x64.ActiveCfg = Release|Any CPU
		{26B74531-6771-434E-B336-C3BF3560C50A}.Release|x64.Build.0 = Release|Any CPU
		{26B74531-6771-434E-B336-C3BF3560C50A}.Release|x64.Deploy.0 = Release|Any CPU
		{26B74531-6771-434E-B336-C3BF3560C50A}.Release|x86.ActiveCfg = Release|Any CPU
		{26B74531-6771-434E-B336-C3BF3560C50A}.Release|x86.Build.0 = Release|Any CPU
		{26B74531-6771-434E-B336-C3BF3560C50A}.Release|x86.Deploy.0 = Release|Any CPU
		{529C086D-7EC2-4123-B547-FBFFABD4C05C}.Ad-Hoc|Any CPU.ActiveCfg = Release|Any CPU
		{529C086D-7EC2-4123-B547-FBFFABD4C05C}.Ad-Hoc|Any CPU.Build.0 = Release|Any CPU
		{529C086D-7EC2-4123-B547-FBFFABD4C05C}.Ad-Hoc|ARM.ActiveCfg = Release|Any CPU
		{529C086D-7EC2-4123-B547-FBFFABD4C05C}.Ad-Hoc|ARM.Build.0 = Release|Any CPU
		{529C086D-7EC2-4123-B547-FBFFABD4C05C}.Ad-Hoc|iPhone.ActiveCfg = Release|Any CPU
		{529C086D-7EC2-4123-B547-FBFFABD4C05C}.Ad-Hoc|iPhone.Build.0 = Release|Any CPU
		{529C086D-7EC2-4123-B547-FBFFABD4C05C}.Ad-Hoc|iPhoneSimulator.ActiveCfg = Release|Any CPU
		{529C086D-7EC2-4123-B547-FBFFABD4C05C}.Ad-Hoc|iPhoneSimulator.Build.0 = Release|Any CPU
		{529C086D-7EC2-4123-B547-FBFFABD4C05C}.Ad-Hoc|x64.ActiveCfg = Release|Any CPU
		{529C086D-7EC2-4123-B547-FBFFABD4C05C}.Ad-Hoc|x64.Build.0 = Release|Any CPU
		{529C086D-7EC2-4123-B547-FBFFABD4C05C}.Ad-Hoc|x86.ActiveCfg = Release|Any CPU
		{529C086D-7EC2-4123-B547-FBFFABD4C05C}.Ad-Hoc|x86.Build.0 = Release|Any CPU
		{529C086D-7EC2-4123-B547-FBFFABD4C05C}.AppStore|Any CPU.ActiveCfg = Release|Any CPU
		{529C086D-7EC2-4123-B547-FBFFABD4C05C}.AppStore|Any CPU.Build.0 = Release|Any CPU
		{529C086D-7EC2-4123-B547-FBFFABD4C05C}.AppStore|ARM.ActiveCfg = Release|Any CPU
		{529C086D-7EC2-4123-B547-FBFFABD4C05C}.AppStore|ARM.Build.0 = Release|Any CPU
		{529C086D-7EC2-4123-B547-FBFFABD4C05C}.AppStore|iPhone.ActiveCfg = Release|Any CPU
		{529C086D-7EC2-4123-B547-FBFFABD4C05C}.AppStore|iPhone.Build.0 = Release|Any CPU
		{529C086D-7EC2-4123-B547-FBFFABD4C05C}.AppStore|iPhoneSimulator.ActiveCfg = Release|Any CPU
		{529C086D-7EC2-4123-B547-FBFFABD4C05C}.AppStore|iPhoneSimulator.Build.0 = Release|Any CPU
		{529C086D-7EC2-4123-B547-FBFFABD4C05C}.AppStore|x64.ActiveCfg = Release|Any CPU
		{529C086D-7EC2-4123-B547-FBFFABD4C05C}.AppStore|x64.Build.0 = Release|Any CPU
		{529C086D-7EC2-4123-B547-FBFFABD4C05C}.AppStore|x86.ActiveCfg = Release|Any CPU
		{529C086D-7EC2-4123-B547-FBFFABD4C05C}.AppStore|x86.Build.0 = Release|Any CPU
		{529C086D-7EC2-4123-B547-FBFFABD4C05C}.Debug|Any CPU.ActiveCfg = Debug|Any CPU
		{529C086D-7EC2-4123-B547-FBFFABD4C05C}.Debug|Any CPU.Build.0 = Debug|Any CPU
		{529C086D-7EC2-4123-B547-FBFFABD4C05C}.Debug|ARM.ActiveCfg = Debug|Any CPU
		{529C086D-7EC2-4123-B547-FBFFABD4C05C}.Debug|ARM.Build.0 = Debug|Any CPU
		{529C086D-7EC2-4123-B547-FBFFABD4C05C}.Debug|iPhone.ActiveCfg = Debug|Any CPU
		{529C086D-7EC2-4123-B547-FBFFABD4C05C}.Debug|iPhone.Build.0 = Debug|Any CPU
		{529C086D-7EC2-4123-B547-FBFFABD4C05C}.Debug|iPhoneSimulator.ActiveCfg = Debug|Any CPU
		{529C086D-7EC2-4123-B547-FBFFABD4C05C}.Debug|iPhoneSimulator.Build.0 = Debug|Any CPU
		{529C086D-7EC2-4123-B547-FBFFABD4C05C}.Debug|x64.ActiveCfg = Debug|Any CPU
		{529C086D-7EC2-4123-B547-FBFFABD4C05C}.Debug|x64.Build.0 = Debug|Any CPU
		{529C086D-7EC2-4123-B547-FBFFABD4C05C}.Debug|x86.ActiveCfg = Debug|Any CPU
		{529C086D-7EC2-4123-B547-FBFFABD4C05C}.Debug|x86.Build.0 = Debug|Any CPU
		{529C086D-7EC2-4123-B547-FBFFABD4C05C}.Release|Any CPU.ActiveCfg = Release|Any CPU
		{529C086D-7EC2-4123-B547-FBFFABD4C05C}.Release|Any CPU.Build.0 = Release|Any CPU
		{529C086D-7EC2-4123-B547-FBFFABD4C05C}.Release|ARM.ActiveCfg = Release|Any CPU
		{529C086D-7EC2-4123-B547-FBFFABD4C05C}.Release|ARM.Build.0 = Release|Any CPU
		{529C086D-7EC2-4123-B547-FBFFABD4C05C}.Release|iPhone.ActiveCfg = Release|Any CPU
		{529C086D-7EC2-4123-B547-FBFFABD4C05C}.Release|iPhone.Build.0 = Release|Any CPU
		{529C086D-7EC2-4123-B547-FBFFABD4C05C}.Release|iPhoneSimulator.ActiveCfg = Release|Any CPU
		{529C086D-7EC2-4123-B547-FBFFABD4C05C}.Release|iPhoneSimulator.Build.0 = Release|Any CPU
		{529C086D-7EC2-4123-B547-FBFFABD4C05C}.Release|x64.ActiveCfg = Release|Any CPU
		{529C086D-7EC2-4123-B547-FBFFABD4C05C}.Release|x64.Build.0 = Release|Any CPU
		{529C086D-7EC2-4123-B547-FBFFABD4C05C}.Release|x86.ActiveCfg = Release|Any CPU
		{529C086D-7EC2-4123-B547-FBFFABD4C05C}.Release|x86.Build.0 = Release|Any CPU
		{EEE4C291-840F-4328-8360-1B6A4FD4D45A}.Ad-Hoc|Any CPU.ActiveCfg = Ad-Hoc|iPhone
		{EEE4C291-840F-4328-8360-1B6A4FD4D45A}.Ad-Hoc|ARM.ActiveCfg = Ad-Hoc|iPhone
		{EEE4C291-840F-4328-8360-1B6A4FD4D45A}.Ad-Hoc|iPhone.ActiveCfg = Ad-Hoc|iPhone
		{EEE4C291-840F-4328-8360-1B6A4FD4D45A}.Ad-Hoc|iPhone.Build.0 = Ad-Hoc|iPhone
		{EEE4C291-840F-4328-8360-1B6A4FD4D45A}.Ad-Hoc|iPhoneSimulator.ActiveCfg = Ad-Hoc|iPhoneSimulator
		{EEE4C291-840F-4328-8360-1B6A4FD4D45A}.Ad-Hoc|iPhoneSimulator.Build.0 = Ad-Hoc|iPhoneSimulator
		{EEE4C291-840F-4328-8360-1B6A4FD4D45A}.Ad-Hoc|x64.ActiveCfg = Ad-Hoc|iPhone
		{EEE4C291-840F-4328-8360-1B6A4FD4D45A}.Ad-Hoc|x86.ActiveCfg = Ad-Hoc|iPhone
		{EEE4C291-840F-4328-8360-1B6A4FD4D45A}.AppStore|Any CPU.ActiveCfg = AppStore|iPhone
		{EEE4C291-840F-4328-8360-1B6A4FD4D45A}.AppStore|ARM.ActiveCfg = AppStore|iPhone
		{EEE4C291-840F-4328-8360-1B6A4FD4D45A}.AppStore|iPhone.ActiveCfg = AppStore|iPhone
		{EEE4C291-840F-4328-8360-1B6A4FD4D45A}.AppStore|iPhone.Build.0 = AppStore|iPhone
		{EEE4C291-840F-4328-8360-1B6A4FD4D45A}.AppStore|iPhoneSimulator.ActiveCfg = AppStore|iPhoneSimulator
		{EEE4C291-840F-4328-8360-1B6A4FD4D45A}.AppStore|iPhoneSimulator.Build.0 = AppStore|iPhoneSimulator
		{EEE4C291-840F-4328-8360-1B6A4FD4D45A}.AppStore|x64.ActiveCfg = AppStore|iPhone
		{EEE4C291-840F-4328-8360-1B6A4FD4D45A}.AppStore|x86.ActiveCfg = AppStore|iPhone
		{EEE4C291-840F-4328-8360-1B6A4FD4D45A}.Debug|Any CPU.ActiveCfg = Debug|iPhone
		{EEE4C291-840F-4328-8360-1B6A4FD4D45A}.Debug|ARM.ActiveCfg = Debug|iPhone
		{EEE4C291-840F-4328-8360-1B6A4FD4D45A}.Debug|iPhone.ActiveCfg = Debug|iPhone
		{EEE4C291-840F-4328-8360-1B6A4FD4D45A}.Debug|iPhone.Build.0 = Debug|iPhone
		{EEE4C291-840F-4328-8360-1B6A4FD4D45A}.Debug|iPhoneSimulator.ActiveCfg = Debug|iPhoneSimulator
		{EEE4C291-840F-4328-8360-1B6A4FD4D45A}.Debug|iPhoneSimulator.Build.0 = Debug|iPhoneSimulator
		{EEE4C291-840F-4328-8360-1B6A4FD4D45A}.Debug|x64.ActiveCfg = Debug|iPhone
		{EEE4C291-840F-4328-8360-1B6A4FD4D45A}.Debug|x86.ActiveCfg = Debug|iPhone
		{EEE4C291-840F-4328-8360-1B6A4FD4D45A}.Release|Any CPU.ActiveCfg = Release|iPhone
		{EEE4C291-840F-4328-8360-1B6A4FD4D45A}.Release|ARM.ActiveCfg = Release|iPhone
		{EEE4C291-840F-4328-8360-1B6A4FD4D45A}.Release|iPhone.ActiveCfg = Release|iPhone
		{EEE4C291-840F-4328-8360-1B6A4FD4D45A}.Release|iPhone.Build.0 = Release|iPhone
		{EEE4C291-840F-4328-8360-1B6A4FD4D45A}.Release|iPhoneSimulator.ActiveCfg = Release|iPhoneSimulator
		{EEE4C291-840F-4328-8360-1B6A4FD4D45A}.Release|iPhoneSimulator.Build.0 = Release|iPhoneSimulator
		{EEE4C291-840F-4328-8360-1B6A4FD4D45A}.Release|x64.ActiveCfg = Release|iPhone
		{EEE4C291-840F-4328-8360-1B6A4FD4D45A}.Release|x86.ActiveCfg = Release|iPhone
	EndGlobalSection
	GlobalSection(SolutionProperties) = preSolution
		HideSolutionNode = FALSE
	EndGlobalSection
EndGlobal
