
Microsoft Visual Studio Solution File, Format Version 12.00
# Visual Studio 14
VisualStudioVersion = 14.0.25420.1
MinimumVisualStudioVersion = 10.0.40219.1
Project("{FAE04EC0-301F-11D3-BF4B-00C04F79EFBC}") = "LampVibrate.Android", "LampVibrate\LampVibrate.Android\LampVibrate.Android.csproj", "{6A345573-D6E5-4847-94B6-85082CE32D43}"
EndProject
Project("{FAE04EC0-301F-11D3-BF4B-00C04F79EFBC}") = "LampVibrate", "LampVibrate\LampVibrate\LampVibrate.csproj", "{54B092D6-BAD9-406A-9B46-99B88A8E4ED7}"
EndProject
Project("{FAE04EC0-301F-11D3-BF4B-00C04F79EFBC}") = "LampVibrate.UWP", "LampVibrate\LampVibrate.UWP\LampVibrate.UWP.csproj", "{13E698DF-30EC-4A34-B0A8-CC92010E9FD4}"
EndProject
Project("{FAE04EC0-301F-11D3-BF4B-00C04F79EFBC}") = "LampVibrate.iOS", "LampVibrate\LampVibrate.iOS\LampVibrate.iOS.csproj", "{25BA8065-31B8-4DE6-B236-723B68048B71}"
EndProject
Global
	GlobalSection(SolutionConfigurationPlatforms) = preSolution
		Ad-Hoc|Any CPU = Ad-Hoc|Any CPU
		Ad-Hoc|ARM = Ad-Hoc|ARM
		Ad-Hoc|iPhone = Ad-Hoc|iPhone
		Ad-Hoc|iPhoneSimulator = Ad-Hoc|iPhoneSimulator
		Ad-Hoc|x64 = Ad-Hoc|x64
		Ad-Hoc|x86 = Ad-Hoc|x86
		AppStore|Any CPU = AppStore|Any CPU
		AppStore|ARM = AppStore|ARM
		AppStore|iPhone = AppStore|iPhone
		AppStore|iPhoneSimulator = AppStore|iPhoneSimulator
		AppStore|x64 = AppStore|x64
		AppStore|x86 = AppStore|x86
		Debug|Any CPU = Debug|Any CPU
		Debug|ARM = Debug|ARM
		Debug|iPhone = Debug|iPhone
		Debug|iPhoneSimulator = Debug|iPhoneSimulator
		Debug|x64 = Debug|x64
		Debug|x86 = Debug|x86
		Release|Any CPU = Release|Any CPU
		Release|ARM = Release|ARM
		Release|iPhone = Release|iPhone
		Release|iPhoneSimulator = Release|iPhoneSimulator
		Release|x64 = Release|x64
		Release|x86 = Release|x86
	EndGlobalSection
	GlobalSection(ProjectConfigurationPlatforms) = postSolution
		{6A345573-D6E5-4847-94B6-85082CE32D43}.Ad-Hoc|Any CPU.ActiveCfg = Release|Any CPU
		{6A345573-D6E5-4847-94B6-85082CE32D43}.Ad-Hoc|Any CPU.Build.0 = Release|Any CPU
		{6A345573-D6E5-4847-94B6-85082CE32D43}.Ad-Hoc|Any CPU.Deploy.0 = Release|Any CPU
		{6A345573-D6E5-4847-94B6-85082CE32D43}.Ad-Hoc|ARM.ActiveCfg = Release|Any CPU
		{6A345573-D6E5-4847-94B6-85082CE32D43}.Ad-Hoc|ARM.Build.0 = Release|Any CPU
		{6A345573-D6E5-4847-94B6-85082CE32D43}.Ad-Hoc|ARM.Deploy.0 = Release|Any CPU
		{6A345573-D6E5-4847-94B6-85082CE32D43}.Ad-Hoc|iPhone.ActiveCfg = Release|Any CPU
		{6A345573-D6E5-4847-94B6-85082CE32D43}.Ad-Hoc|iPhone.Build.0 = Release|Any CPU
		{6A345573-D6E5-4847-94B6-85082CE32D43}.Ad-Hoc|iPhone.Deploy.0 = Release|Any CPU
		{6A345573-D6E5-4847-94B6-85082CE32D43}.Ad-Hoc|iPhoneSimulator.ActiveCfg = Release|Any CPU
		{6A345573-D6E5-4847-94B6-85082CE32D43}.Ad-Hoc|iPhoneSimulator.Build.0 = Release|Any CPU
		{6A345573-D6E5-4847-94B6-85082CE32D43}.Ad-Hoc|iPhoneSimulator.Deploy.0 = Release|Any CPU
		{6A345573-D6E5-4847-94B6-85082CE32D43}.Ad-Hoc|x64.ActiveCfg = Release|Any CPU
		{6A345573-D6E5-4847-94B6-85082CE32D43}.Ad-Hoc|x64.Build.0 = Release|Any CPU
		{6A345573-D6E5-4847-94B6-85082CE32D43}.Ad-Hoc|x64.Deploy.0 = Release|Any CPU
		{6A345573-D6E5-4847-94B6-85082CE32D43}.Ad-Hoc|x86.ActiveCfg = Release|Any CPU
		{6A345573-D6E5-4847-94B6-85082CE32D43}.Ad-Hoc|x86.Build.0 = Release|Any CPU
		{6A345573-D6E5-4847-94B6-85082CE32D43}.Ad-Hoc|x86.Deploy.0 = Release|Any CPU
		{6A345573-D6E5-4847-94B6-85082CE32D43}.AppStore|Any CPU.ActiveCfg = Release|Any CPU
		{6A345573-D6E5-4847-94B6-85082CE32D43}.AppStore|Any CPU.Build.0 = Release|Any CPU
		{6A345573-D6E5-4847-94B6-85082CE32D43}.AppStore|Any CPU.Deploy.0 = Release|Any CPU
		{6A345573-D6E5-4847-94B6-85082CE32D43}.AppStore|ARM.ActiveCfg = Release|Any CPU
		{6A345573-D6E5-4847-94B6-85082CE32D43}.AppStore|ARM.Build.0 = Release|Any CPU
		{6A345573-D6E5-4847-94B6-85082CE32D43}.AppStore|ARM.Deploy.0 = Release|Any CPU
		{6A345573-D6E5-4847-94B6-85082CE32D43}.AppStore|iPhone.ActiveCfg = Release|Any CPU
		{6A345573-D6E5-4847-94B6-85082CE32D43}.AppStore|iPhone.Build.0 = Release|Any CPU
		{6A345573-D6E5-4847-94B6-85082CE32D43}.AppStore|iPhone.Deploy.0 = Release|Any CPU
		{6A345573-D6E5-4847-94B6-85082CE32D43}.AppStore|iPhoneSimulator.ActiveCfg = Release|Any CPU
		{6A345573-D6E5-4847-94B6-85082CE32D43}.AppStore|iPhoneSimulator.Build.0 = Release|Any CPU
		{6A345573-D6E5-4847-94B6-85082CE32D43}.AppStore|iPhoneSimulator.Deploy.0 = Release|Any CPU
		{6A345573-D6E5-4847-94B6-85082CE32D43}.AppStore|x64.ActiveCfg = Release|Any CPU
		{6A345573-D6E5-4847-94B6-85082CE32D43}.AppStore|x64.Build.0 = Release|Any CPU
		{6A345573-D6E5-4847-94B6-85082CE32D43}.AppStore|x64.Deploy.0 = Release|Any CPU
		{6A345573-D6E5-4847-94B6-85082CE32D43}.AppStore|x86.ActiveCfg = Release|Any CPU
		{6A345573-D6E5-4847-94B6-85082CE32D43}.AppStore|x86.Build.0 = Release|Any CPU
		{6A345573-D6E5-4847-94B6-85082CE32D43}.AppStore|x86.Deploy.0 = Release|Any CPU
		{6A345573-D6E5-4847-94B6-85082CE32D43}.Debug|Any CPU.ActiveCfg = Debug|Any CPU
		{6A345573-D6E5-4847-94B6-85082CE32D43}.Debug|Any CPU.Build.0 = Debug|Any CPU
		{6A345573-D6E5-4847-94B6-85082CE32D43}.Debug|Any CPU.Deploy.0 = Debug|Any CPU
		{6A345573-D6E5-4847-94B6-85082CE32D43}.Debug|ARM.ActiveCfg = Debug|Any CPU
		{6A345573-D6E5-4847-94B6-85082CE32D43}.Debug|ARM.Build.0 = Debug|Any CPU
		{6A345573-D6E5-4847-94B6-85082CE32D43}.Debug|ARM.Deploy.0 = Debug|Any CPU
		{6A345573-D6E5-4847-94B6-85082CE32D43}.Debug|iPhone.ActiveCfg = Debug|Any CPU
		{6A345573-D6E5-4847-94B6-85082CE32D43}.Debug|iPhone.Build.0 = Debug|Any CPU
		{6A345573-D6E5-4847-94B6-85082CE32D43}.Debug|iPhone.Deploy.0 = Debug|Any CPU
		{6A345573-D6E5-4847-94B6-85082CE32D43}.Debug|iPhoneSimulator.ActiveCfg = Debug|Any CPU
		{6A345573-D6E5-4847-94B6-85082CE32D43}.Debug|iPhoneSimulator.Build.0 = Debug|Any CPU
		{6A345573-D6E5-4847-94B6-85082CE32D43}.Debug|iPhoneSimulator.Deploy.0 = Debug|Any CPU
		{6A345573-D6E5-4847-94B6-85082CE32D43}.Debug|x64.ActiveCfg = Debug|Any CPU
		{6A345573-D6E5-4847-94B6-85082CE32D43}.Debug|x64.Build.0 = Debug|Any CPU
		{6A345573-D6E5-4847-94B6-85082CE32D43}.Debug|x64.Deploy.0 = Debug|Any CPU
		{6A345573-D6E5-4847-94B6-85082CE32D43}.Debug|x86.ActiveCfg = Debug|Any CPU
		{6A345573-D6E5-4847-94B6-85082CE32D43}.Debug|x86.Build.0 = Debug|Any CPU
		{6A345573-D6E5-4847-94B6-85082CE32D43}.Debug|x86.Deploy.0 = Debug|Any CPU
		{6A345573-D6E5-4847-94B6-85082CE32D43}.Release|Any CPU.ActiveCfg = Release|Any CPU
		{6A345573-D6E5-4847-94B6-85082CE32D43}.Release|Any CPU.Build.0 = Release|Any CPU
		{6A345573-D6E5-4847-94B6-85082CE32D43}.Release|Any CPU.Deploy.0 = Release|Any CPU
		{6A345573-D6E5-4847-94B6-85082CE32D43}.Release|ARM.ActiveCfg = Release|Any CPU
		{6A345573-D6E5-4847-94B6-85082CE32D43}.Release|ARM.Build.0 = Release|Any CPU
		{6A345573-D6E5-4847-94B6-85082CE32D43}.Release|ARM.Deploy.0 = Release|Any CPU
		{6A345573-D6E5-4847-94B6-85082CE32D43}.Release|iPhone.ActiveCfg = Release|Any CPU
		{6A345573-D6E5-4847-94B6-85082CE32D43}.Release|iPhone.Build.0 = Release|Any CPU
		{6A345573-D6E5-4847-94B6-85082CE32D43}.Release|iPhone.Deploy.0 = Release|Any CPU
		{6A345573-D6E5-4847-94B6-85082CE32D43}.Release|iPhoneSimulator.ActiveCfg = Release|Any CPU
		{6A345573-D6E5-4847-94B6-85082CE32D43}.Release|iPhoneSimulator.Build.0 = Release|Any CPU
		{6A345573-D6E5-4847-94B6-85082CE32D43}.Release|iPhoneSimulator.Deploy.0 = Release|Any CPU
		{6A345573-D6E5-4847-94B6-85082CE32D43}.Release|x64.ActiveCfg = Release|Any CPU
		{6A345573-D6E5-4847-94B6-85082CE32D43}.Release|x64.Build.0 = Release|Any CPU
		{6A345573-D6E5-4847-94B6-85082CE32D43}.Release|x64.Deploy.0 = Release|Any CPU
		{6A345573-D6E5-4847-94B6-85082CE32D43}.Release|x86.ActiveCfg = Release|Any CPU
		{6A345573-D6E5-4847-94B6-85082CE32D43}.Release|x86.Build.0 = Release|Any CPU
		{6A345573-D6E5-4847-94B6-85082CE32D43}.Release|x86.Deploy.0 = Release|Any CPU
		{54B092D6-BAD9-406A-9B46-99B88A8E4ED7}.Ad-Hoc|Any CPU.ActiveCfg = Release|Any CPU
		{54B092D6-BAD9-406A-9B46-99B88A8E4ED7}.Ad-Hoc|Any CPU.Build.0 = Release|Any CPU
		{54B092D6-BAD9-406A-9B46-99B88A8E4ED7}.Ad-Hoc|ARM.ActiveCfg = Release|Any CPU
		{54B092D6-BAD9-406A-9B46-99B88A8E4ED7}.Ad-Hoc|ARM.Build.0 = Release|Any CPU
		{54B092D6-BAD9-406A-9B46-99B88A8E4ED7}.Ad-Hoc|iPhone.ActiveCfg = Release|Any CPU
		{54B092D6-BAD9-406A-9B46-99B88A8E4ED7}.Ad-Hoc|iPhone.Build.0 = Release|Any CPU
		{54B092D6-BAD9-406A-9B46-99B88A8E4ED7}.Ad-Hoc|iPhoneSimulator.ActiveCfg = Release|Any CPU
		{54B092D6-BAD9-406A-9B46-99B88A8E4ED7}.Ad-Hoc|iPhoneSimulator.Build.0 = Release|Any CPU
		{54B092D6-BAD9-406A-9B46-99B88A8E4ED7}.Ad-Hoc|x64.ActiveCfg = Release|Any CPU
		{54B092D6-BAD9-406A-9B46-99B88A8E4ED7}.Ad-Hoc|x64.Build.0 = Release|Any CPU
		{54B092D6-BAD9-406A-9B46-99B88A8E4ED7}.Ad-Hoc|x86.ActiveCfg = Release|Any CPU
		{54B092D6-BAD9-406A-9B46-99B88A8E4ED7}.Ad-Hoc|x86.Build.0 = Release|Any CPU
		{54B092D6-BAD9-406A-9B46-99B88A8E4ED7}.AppStore|Any CPU.ActiveCfg = Release|Any CPU
		{54B092D6-BAD9-406A-9B46-99B88A8E4ED7}.AppStore|Any CPU.Build.0 = Release|Any CPU
		{54B092D6-BAD9-406A-9B46-99B88A8E4ED7}.AppStore|ARM.ActiveCfg = Release|Any CPU
		{54B092D6-BAD9-406A-9B46-99B88A8E4ED7}.AppStore|ARM.Build.0 = Release|Any CPU
		{54B092D6-BAD9-406A-9B46-99B88A8E4ED7}.AppStore|iPhone.ActiveCfg = Release|Any CPU
		{54B092D6-BAD9-406A-9B46-99B88A8E4ED7}.AppStore|iPhone.Build.0 = Release|Any CPU
		{54B092D6-BAD9-406A-9B46-99B88A8E4ED7}.AppStore|iPhoneSimulator.ActiveCfg = Release|Any CPU
		{54B092D6-BAD9-406A-9B46-99B88A8E4ED7}.AppStore|iPhoneSimulator.Build.0 = Release|Any CPU
		{54B092D6-BAD9-406A-9B46-99B88A8E4ED7}.AppStore|x64.ActiveCfg = Release|Any CPU
		{54B092D6-BAD9-406A-9B46-99B88A8E4ED7}.AppStore|x64.Build.0 = Release|Any CPU
		{54B092D6-BAD9-406A-9B46-99B88A8E4ED7}.AppStore|x86.ActiveCfg = Release|Any CPU
		{54B092D6-BAD9-406A-9B46-99B88A8E4ED7}.AppStore|x86.Build.0 = Release|Any CPU
		{54B092D6-BAD9-406A-9B46-99B88A8E4ED7}.Debug|Any CPU.ActiveCfg = Debug|Any CPU
		{54B092D6-BAD9-406A-9B46-99B88A8E4ED7}.Debug|Any CPU.Build.0 = Debug|Any CPU
		{54B092D6-BAD9-406A-9B46-99B88A8E4ED7}.Debug|ARM.ActiveCfg = Debug|Any CPU
		{54B092D6-BAD9-406A-9B46-99B88A8E4ED7}.Debug|ARM.Build.0 = Debug|Any CPU
		{54B092D6-BAD9-406A-9B46-99B88A8E4ED7}.Debug|iPhone.ActiveCfg = Debug|Any CPU
		{54B092D6-BAD9-406A-9B46-99B88A8E4ED7}.Debug|iPhone.Build.0 = Debug|Any CPU
		{54B092D6-BAD9-406A-9B46-99B88A8E4ED7}.Debug|iPhoneSimulator.ActiveCfg = Debug|Any CPU
		{54B092D6-BAD9-406A-9B46-99B88A8E4ED7}.Debug|iPhoneSimulator.Build.0 = Debug|Any CPU
		{54B092D6-BAD9-406A-9B46-99B88A8E4ED7}.Debug|x64.ActiveCfg = Debug|Any CPU
		{54B092D6-BAD9-406A-9B46-99B88A8E4ED7}.Debug|x64.Build.0 = Debug|Any CPU
		{54B092D6-BAD9-406A-9B46-99B88A8E4ED7}.Debug|x86.ActiveCfg = Debug|Any CPU
		{54B092D6-BAD9-406A-9B46-99B88A8E4ED7}.Debug|x86.Build.0 = Debug|Any CPU
		{54B092D6-BAD9-406A-9B46-99B88A8E4ED7}.Release|Any CPU.ActiveCfg = Release|Any CPU
		{54B092D6-BAD9-406A-9B46-99B88A8E4ED7}.Release|Any CPU.Build.0 = Release|Any CPU
		{54B092D6-BAD9-406A-9B46-99B88A8E4ED7}.Release|ARM.ActiveCfg = Release|Any CPU
		{54B092D6-BAD9-406A-9B46-99B88A8E4ED7}.Release|ARM.Build.0 = Release|Any CPU
		{54B092D6-BAD9-406A-9B46-99B88A8E4ED7}.Release|iPhone.ActiveCfg = Release|Any CPU
		{54B092D6-BAD9-406A-9B46-99B88A8E4ED7}.Release|iPhone.Build.0 = Release|Any CPU
		{54B092D6-BAD9-406A-9B46-99B88A8E4ED7}.Release|iPhoneSimulator.ActiveCfg = Release|Any CPU
		{54B092D6-BAD9-406A-9B46-99B88A8E4ED7}.Release|iPhoneSimulator.Build.0 = Release|Any CPU
		{54B092D6-BAD9-406A-9B46-99B88A8E4ED7}.Release|x64.ActiveCfg = Release|Any CPU
		{54B092D6-BAD9-406A-9B46-99B88A8E4ED7}.Release|x64.Build.0 = Release|Any CPU
		{54B092D6-BAD9-406A-9B46-99B88A8E4ED7}.Release|x86.ActiveCfg = Release|Any CPU
		{54B092D6-BAD9-406A-9B46-99B88A8E4ED7}.Release|x86.Build.0 = Release|Any CPU
		{13E698DF-30EC-4A34-B0A8-CC92010E9FD4}.Ad-Hoc|Any CPU.ActiveCfg = Release|x86
		{13E698DF-30EC-4A34-B0A8-CC92010E9FD4}.Ad-Hoc|Any CPU.Build.0 = Release|x86
		{13E698DF-30EC-4A34-B0A8-CC92010E9FD4}.Ad-Hoc|Any CPU.Deploy.0 = Release|x86
		{13E698DF-30EC-4A34-B0A8-CC92010E9FD4}.Ad-Hoc|ARM.ActiveCfg = Release|ARM
		{13E698DF-30EC-4A34-B0A8-CC92010E9FD4}.Ad-Hoc|ARM.Build.0 = Release|ARM
		{13E698DF-30EC-4A34-B0A8-CC92010E9FD4}.Ad-Hoc|ARM.Deploy.0 = Release|ARM
		{13E698DF-30EC-4A34-B0A8-CC92010E9FD4}.Ad-Hoc|iPhone.ActiveCfg = Release|x86
		{13E698DF-30EC-4A34-B0A8-CC92010E9FD4}.Ad-Hoc|iPhone.Build.0 = Release|x86
		{13E698DF-30EC-4A34-B0A8-CC92010E9FD4}.Ad-Hoc|iPhone.Deploy.0 = Release|x86
		{13E698DF-30EC-4A34-B0A8-CC92010E9FD4}.Ad-Hoc|iPhoneSimulator.ActiveCfg = Release|x86
		{13E698DF-30EC-4A34-B0A8-CC92010E9FD4}.Ad-Hoc|iPhoneSimulator.Build.0 = Release|x86
		{13E698DF-30EC-4A34-B0A8-CC92010E9FD4}.Ad-Hoc|iPhoneSimulator.Deploy.0 = Release|x86
		{13E698DF-30EC-4A34-B0A8-CC92010E9FD4}.Ad-Hoc|x64.ActiveCfg = Release|x64
		{13E698DF-30EC-4A34-B0A8-CC92010E9FD4}.Ad-Hoc|x64.Build.0 = Release|x64
		{13E698DF-30EC-4A34-B0A8-CC92010E9FD4}.Ad-Hoc|x64.Deploy.0 = Release|x64
		{13E698DF-30EC-4A34-B0A8-CC92010E9FD4}.Ad-Hoc|x86.ActiveCfg = Release|x86
		{13E698DF-30EC-4A34-B0A8-CC92010E9FD4}.Ad-Hoc|x86.Build.0 = Release|x86
		{13E698DF-30EC-4A34-B0A8-CC92010E9FD4}.Ad-Hoc|x86.Deploy.0 = Release|x86
		{13E698DF-30EC-4A34-B0A8-CC92010E9FD4}.AppStore|Any CPU.ActiveCfg = Release|x86
		{13E698DF-30EC-4A34-B0A8-CC92010E9FD4}.AppStore|Any CPU.Build.0 = Release|x86
		{13E698DF-30EC-4A34-B0A8-CC92010E9FD4}.AppStore|Any CPU.Deploy.0 = Release|x86
		{13E698DF-30EC-4A34-B0A8-CC92010E9FD4}.AppStore|ARM.ActiveCfg = Release|ARM
		{13E698DF-30EC-4A34-B0A8-CC92010E9FD4}.AppStore|ARM.Build.0 = Release|ARM
		{13E698DF-30EC-4A34-B0A8-CC92010E9FD4}.AppStore|ARM.Deploy.0 = Release|ARM
		{13E698DF-30EC-4A34-B0A8-CC92010E9FD4}.AppStore|iPhone.ActiveCfg = Release|x86
		{13E698DF-30EC-4A34-B0A8-CC92010E9FD4}.AppStore|iPhone.Build.0 = Release|x86
		{13E698DF-30EC-4A34-B0A8-CC92010E9FD4}.AppStore|iPhone.Deploy.0 = Release|x86
		{13E698DF-30EC-4A34-B0A8-CC92010E9FD4}.AppStore|iPhoneSimulator.ActiveCfg = Release|x86
		{13E698DF-30EC-4A34-B0A8-CC92010E9FD4}.AppStore|iPhoneSimulator.Build.0 = Release|x86
		{13E698DF-30EC-4A34-B0A8-CC92010E9FD4}.AppStore|iPhoneSimulator.Deploy.0 = Release|x86
		{13E698DF-30EC-4A34-B0A8-CC92010E9FD4}.AppStore|x64.ActiveCfg = Release|x64
		{13E698DF-30EC-4A34-B0A8-CC92010E9FD4}.AppStore|x64.Build.0 = Release|x64
		{13E698DF-30EC-4A34-B0A8-CC92010E9FD4}.AppStore|x64.Deploy.0 = Release|x64
		{13E698DF-30EC-4A34-B0A8-CC92010E9FD4}.AppStore|x86.ActiveCfg = Release|x86
		{13E698DF-30EC-4A34-B0A8-CC92010E9FD4}.AppStore|x86.Build.0 = Release|x86
		{13E698DF-30EC-4A34-B0A8-CC92010E9FD4}.AppStore|x86.Deploy.0 = Release|x86
		{13E698DF-30EC-4A34-B0A8-CC92010E9FD4}.Debug|Any CPU.ActiveCfg = Debug|x86
		{13E698DF-30EC-4A34-B0A8-CC92010E9FD4}.Debug|ARM.ActiveCfg = Debug|ARM
		{13E698DF-30EC-4A34-B0A8-CC92010E9FD4}.Debug|ARM.Build.0 = Debug|ARM
		{13E698DF-30EC-4A34-B0A8-CC92010E9FD4}.Debug|ARM.Deploy.0 = Debug|ARM
		{13E698DF-30EC-4A34-B0A8-CC92010E9FD4}.Debug|iPhone.ActiveCfg = Debug|x86
		{13E698DF-30EC-4A34-B0A8-CC92010E9FD4}.Debug|iPhoneSimulator.ActiveCfg = Debug|x86
		{13E698DF-30EC-4A34-B0A8-CC92010E9FD4}.Debug|x64.ActiveCfg = Debug|x64
		{13E698DF-30EC-4A34-B0A8-CC92010E9FD4}.Debug|x64.Build.0 = Debug|x64
		{13E698DF-30EC-4A34-B0A8-CC92010E9FD4}.Debug|x64.Deploy.0 = Debug|x64
		{13E698DF-30EC-4A34-B0A8-CC92010E9FD4}.Debug|x86.ActiveCfg = Debug|x86
		{13E698DF-30EC-4A34-B0A8-CC92010E9FD4}.Debug|x86.Build.0 = Debug|x86
		{13E698DF-30EC-4A34-B0A8-CC92010E9FD4}.Debug|x86.Deploy.0 = Debug|x86
		{13E698DF-30EC-4A34-B0A8-CC92010E9FD4}.Release|Any CPU.ActiveCfg = Release|x86
		{13E698DF-30EC-4A34-B0A8-CC92010E9FD4}.Release|ARM.ActiveCfg = Release|ARM
		{13E698DF-30EC-4A34-B0A8-CC92010E9FD4}.Release|ARM.Build.0 = Release|ARM
		{13E698DF-30EC-4A34-B0A8-CC92010E9FD4}.Release|ARM.Deploy.0 = Release|ARM
		{13E698DF-30EC-4A34-B0A8-CC92010E9FD4}.Release|iPhone.ActiveCfg = Release|x86
		{13E698DF-30EC-4A34-B0A8-CC92010E9FD4}.Release|iPhoneSimulator.ActiveCfg = Release|x86
		{13E698DF-30EC-4A34-B0A8-CC92010E9FD4}.Release|x64.ActiveCfg = Release|x64
		{13E698DF-30EC-4A34-B0A8-CC92010E9FD4}.Release|x64.Build.0 = Release|x64
		{13E698DF-30EC-4A34-B0A8-CC92010E9FD4}.Release|x64.Deploy.0 = Release|x64
		{13E698DF-30EC-4A34-B0A8-CC92010E9FD4}.Release|x86.ActiveCfg = Release|x86
		{13E698DF-30EC-4A34-B0A8-CC92010E9FD4}.Release|x86.Build.0 = Release|x86
		{13E698DF-30EC-4A34-B0A8-CC92010E9FD4}.Release|x86.Deploy.0 = Release|x86
		{25BA8065-31B8-4DE6-B236-723B68048B71}.Ad-Hoc|Any CPU.ActiveCfg = Ad-Hoc|iPhone
		{25BA8065-31B8-4DE6-B236-723B68048B71}.Ad-Hoc|ARM.ActiveCfg = Ad-Hoc|iPhone
		{25BA8065-31B8-4DE6-B236-723B68048B71}.Ad-Hoc|iPhone.ActiveCfg = Ad-Hoc|iPhone
		{25BA8065-31B8-4DE6-B236-723B68048B71}.Ad-Hoc|iPhone.Build.0 = Ad-Hoc|iPhone
		{25BA8065-31B8-4DE6-B236-723B68048B71}.Ad-Hoc|iPhoneSimulator.ActiveCfg = Ad-Hoc|iPhoneSimulator
		{25BA8065-31B8-4DE6-B236-723B68048B71}.Ad-Hoc|iPhoneSimulator.Build.0 = Ad-Hoc|iPhoneSimulator
		{25BA8065-31B8-4DE6-B236-723B68048B71}.Ad-Hoc|x64.ActiveCfg = Ad-Hoc|iPhone
		{25BA8065-31B8-4DE6-B236-723B68048B71}.Ad-Hoc|x86.ActiveCfg = Ad-Hoc|iPhone
		{25BA8065-31B8-4DE6-B236-723B68048B71}.AppStore|Any CPU.ActiveCfg = AppStore|iPhone
		{25BA8065-31B8-4DE6-B236-723B68048B71}.AppStore|ARM.ActiveCfg = AppStore|iPhone
		{25BA8065-31B8-4DE6-B236-723B68048B71}.AppStore|iPhone.ActiveCfg = AppStore|iPhone
		{25BA8065-31B8-4DE6-B236-723B68048B71}.AppStore|iPhone.Build.0 = AppStore|iPhone
		{25BA8065-31B8-4DE6-B236-723B68048B71}.AppStore|iPhoneSimulator.ActiveCfg = AppStore|iPhoneSimulator
		{25BA8065-31B8-4DE6-B236-723B68048B71}.AppStore|iPhoneSimulator.Build.0 = AppStore|iPhoneSimulator
		{25BA8065-31B8-4DE6-B236-723B68048B71}.AppStore|x64.ActiveCfg = AppStore|iPhone
		{25BA8065-31B8-4DE6-B236-723B68048B71}.AppStore|x86.ActiveCfg = AppStore|iPhone
		{25BA8065-31B8-4DE6-B236-723B68048B71}.Debug|Any CPU.ActiveCfg = Debug|iPhone
		{25BA8065-31B8-4DE6-B236-723B68048B71}.Debug|ARM.ActiveCfg = Debug|iPhone
		{25BA8065-31B8-4DE6-B236-723B68048B71}.Debug|iPhone.ActiveCfg = Debug|iPhone
		{25BA8065-31B8-4DE6-B236-723B68048B71}.Debug|iPhone.Build.0 = Debug|iPhone
		{25BA8065-31B8-4DE6-B236-723B68048B71}.Debug|iPhoneSimulator.ActiveCfg = Debug|iPhoneSimulator
		{25BA8065-31B8-4DE6-B236-723B68048B71}.Debug|iPhoneSimulator.Build.0 = Debug|iPhoneSimulator
		{25BA8065-31B8-4DE6-B236-723B68048B71}.Debug|x64.ActiveCfg = Debug|iPhone
		{25BA8065-31B8-4DE6-B236-723B68048B71}.Debug|x86.ActiveCfg = Debug|iPhone
		{25BA8065-31B8-4DE6-B236-723B68048B71}.Release|Any CPU.ActiveCfg = Release|iPhone
		{25BA8065-31B8-4DE6-B236-723B68048B71}.Release|ARM.ActiveCfg = Release|iPhone
		{25BA8065-31B8-4DE6-B236-723B68048B71}.Release|iPhone.ActiveCfg = Release|iPhone
		{25BA8065-31B8-4DE6-B236-723B68048B71}.Release|iPhone.Build.0 = Release|iPhone
		{25BA8065-31B8-4DE6-B236-723B68048B71}.Release|iPhoneSimulator.ActiveCfg = Release|iPhoneSimulator
		{25BA8065-31B8-4DE6-B236-723B68048B71}.Release|iPhoneSimulator.Build.0 = Release|iPhoneSimulator
		{25BA8065-31B8-4DE6-B236-723B68048B71}.Release|x64.ActiveCfg = Release|iPhone
		{25BA8065-31B8-4DE6-B236-723B68048B71}.Release|x86.ActiveCfg = Release|iPhone
	EndGlobalSection
	GlobalSection(SolutionProperties) = preSolution
		HideSolutionNode = FALSE
	EndGlobalSection
EndGlobal
